// !$*UTF8*$!
{
	archiveVersion = 1;
	classes = {
	};
	objectVersion = 46;
	objects = {

/* Begin PBXBuildFile section */
		740CBF501A0CF2C000456AE7 /* OwnViewControl.m in Sources */ = {isa = PBXBuildFile; fileRef = 740CBF4F1A0CF2C000456AE7 /* OwnViewControl.m */; };
		740CBF531A0CF74C00456AE7 /* LoginViewControl.m in Sources */ = {isa = PBXBuildFile; fileRef = 740CBF521A0CF74C00456AE7 /* LoginViewControl.m */; };
		740CBF561A0DCF6800456AE7 /* UserData.m in Sources */ = {isa = PBXBuildFile; fileRef = 740CBF551A0DCF6800456AE7 /* UserData.m */; };
		740CBF591A0E2E7200456AE7 /* OwnMsg.m in Sources */ = {isa = PBXBuildFile; fileRef = 740CBF581A0E2E7200456AE7 /* OwnMsg.m */; };
		740CBF5C1A0E362800456AE7 /* OwnCell.m in Sources */ = {isa = PBXBuildFile; fileRef = 740CBF5B1A0E362800456AE7 /* OwnCell.m */; };
		742597C81A03A5E20046300A /* Images.xcassets in Resources */ = {isa = PBXBuildFile; fileRef = 742597C71A03A5E20046300A /* Images.xcassets */; };
		742597CB1A03BA670046300A /* CommentMsgDetails.m in Sources */ = {isa = PBXBuildFile; fileRef = 742597CA1A03BA670046300A /* CommentMsgDetails.m */; };
		7438FF941A09B501009481FA /* QuestionCell.m in Sources */ = {isa = PBXBuildFile; fileRef = 7438FF931A09B501009481FA /* QuestionCell.m */; };
		743F2FD51A0BAEFE002D020A /* TweetMsg.m in Sources */ = {isa = PBXBuildFile; fileRef = 743F2FD41A0BAEFE002D020A /* TweetMsg.m */; };
		743F2FD81A0BB5A8002D020A /* TweetCell.m in Sources */ = {isa = PBXBuildFile; fileRef = 743F2FD71A0BB5A8002D020A /* TweetCell.m */; };
		743F2FDA1A0BC248002D020A /* comment.png in Resources */ = {isa = PBXBuildFile; fileRef = 743F2FD91A0BC248002D020A /* comment.png */; };
		744844B81A08983A00FAC42E /* AsyncImageView.m in Sources */ = {isa = PBXBuildFile; fileRef = 744844B71A08983A00FAC42E /* AsyncImageView.m */; };
		744844BD1A089CD000FAC42E /* share_sina.png in Resources */ = {isa = PBXBuildFile; fileRef = 744844B91A089CD000FAC42E /* share_sina.png */; };
		744844BE1A089CD000FAC42E /* share_tencent.png in Resources */ = {isa = PBXBuildFile; fileRef = 744844BA1A089CD000FAC42E /* share_tencent.png */; };
		744844BF1A089CD000FAC42E /* share_weixin.png in Resources */ = {isa = PBXBuildFile; fileRef = 744844BB1A089CD000FAC42E /* share_weixin.png */; };
		744844C01A089CD000FAC42E /* share_weixinFriend.png in Resources */ = {isa = PBXBuildFile; fileRef = 744844BC1A089CD000FAC42E /* share_weixinFriend.png */; };
		74501B381A1A29DC00DAA253 /* SoftDetail.m in Sources */ = {isa = PBXBuildFile; fileRef = 74501B371A1A29DC00DAA253 /* SoftDetail.m */; };
		745A48CF1A08FAC100957748 /* RefreshTableHeaderView.m in Sources */ = {isa = PBXBuildFile; fileRef = 745A48CE1A08FAC100957748 /* RefreshTableHeaderView.m */; settings = {COMPILER_FLAGS = "-fno-objc-arc"; }; };
		745A48D81A090E7E00957748 /* QuestionMsg.m in Sources */ = {isa = PBXBuildFile; fileRef = 745A48D71A090E7E00957748 /* QuestionMsg.m */; };
		746B620E1A0A665000A1C9BE /* TweetViewControl.m in Sources */ = {isa = PBXBuildFile; fileRef = 746B620D1A0A665000A1C9BE /* TweetViewControl.m */; };
		7476B6911A162C0200B4FE5F /* ResultMsg.m in Sources */ = {isa = PBXBuildFile; fileRef = 7476B6901A162C0200B4FE5F /* ResultMsg.m */; };
		7476B7081A177F0400B4FE5F /* MyUITabBarControl.m in Sources */ = {isa = PBXBuildFile; fileRef = 7476B7071A177F0400B4FE5F /* MyUITabBarControl.m */; };
		7476B70B1A17852800B4FE5F /* searchWhite@2x 2.png in Resources */ = {isa = PBXBuildFile; fileRef = 7476B7091A17852800B4FE5F /* searchWhite@2x 2.png */; };
		7476B70C1A17852800B4FE5F /* searchWhite@2x.png in Resources */ = {isa = PBXBuildFile; fileRef = 7476B70A1A17852800B4FE5F /* searchWhite@2x.png */; };
		747EC7991A00B2870087B269 /* main.m in Sources */ = {isa = PBXBuildFile; fileRef = 747EC7981A00B2870087B269 /* main.m */; };
		747EC79C1A00B2870087B269 /* AppDelegate.m in Sources */ = {isa = PBXBuildFile; fileRef = 747EC79B1A00B2870087B269 /* AppDelegate.m */; };
		747EC79F1A00B2870087B269 /* ViewController.m in Sources */ = {isa = PBXBuildFile; fileRef = 747EC79E1A00B2870087B269 /* ViewController.m */; };
		747EC7A21A00B2870087B269 /* Main.storyboard in Resources */ = {isa = PBXBuildFile; fileRef = 747EC7A01A00B2870087B269 /* Main.storyboard */; };
		747EC7A41A00B2870087B269 /* Images.xcassets in Resources */ = {isa = PBXBuildFile; fileRef = 747EC7A31A00B2870087B269 /* Images.xcassets */; };
		747EC7A71A00B2870087B269 /* LaunchScreen.xib in Resources */ = {isa = PBXBuildFile; fileRef = 747EC7A51A00B2870087B269 /* LaunchScreen.xib */; };
		747EC7B31A00B2870087B269 /* my_oschinaTests.m in Sources */ = {isa = PBXBuildFile; fileRef = 747EC7B21A00B2870087B269 /* my_oschinaTests.m */; };
		747EC7BE1A00B8D90087B269 /* answer@2x.png in Resources */ = {isa = PBXBuildFile; fileRef = 747EC7BD1A00B8D90087B269 /* answer@2x.png */; };
		747EC7C01A00B8F50087B269 /* info@2x.png in Resources */ = {isa = PBXBuildFile; fileRef = 747EC7BF1A00B8F50087B269 /* info@2x.png */; };
		747EC7C21A00B9020087B269 /* more@2x.png in Resources */ = {isa = PBXBuildFile; fileRef = 747EC7C11A00B9020087B269 /* more@2x.png */; };
		747EC7C41A00B9190087B269 /* tweet@2x.png in Resources */ = {isa = PBXBuildFile; fileRef = 747EC7C31A00B9190087B269 /* tweet@2x.png */; };
		747EC7C61A00B9B30087B269 /* active@2x.png in Resources */ = {isa = PBXBuildFile; fileRef = 747EC7C51A00B9B30087B269 /* active@2x.png */; };
		747EC7CA1A00BB300087B269 /* InfoViewControl.m in Sources */ = {isa = PBXBuildFile; fileRef = 747EC7C91A00BB300087B269 /* InfoViewControl.m */; };
		747EC7CC1A00BF560087B269 /* searchBlue@2x.png in Resources */ = {isa = PBXBuildFile; fileRef = 747EC7CB1A00BF560087B269 /* searchBlue@2x.png */; };
		747EC7D11A00C0F10087B269 /* questionBlue@2x.png in Resources */ = {isa = PBXBuildFile; fileRef = 747EC7D01A00C0F10087B269 /* questionBlue@2x.png */; };
		747EC7D31A00C1B60087B269 /* microcomment.png in Resources */ = {isa = PBXBuildFile; fileRef = 747EC7D21A00C1B60087B269 /* microcomment.png */; };
		747EC7D51A00C5E60087B269 /* account@2x.png in Resources */ = {isa = PBXBuildFile; fileRef = 747EC7D41A00C5E60087B269 /* account@2x.png */; };
		747EC7D71A00C6910087B269 /* scan@2x.png in Resources */ = {isa = PBXBuildFile; fileRef = 747EC7D61A00C6910087B269 /* scan@2x.png */; };
		747EC7D91A00C6E30087B269 /* exit@2x.png in Resources */ = {isa = PBXBuildFile; fileRef = 747EC7D81A00C6E30087B269 /* exit@2x.png */; };
		747EC7DB1A00C7D60087B269 /* software@2x.png in Resources */ = {isa = PBXBuildFile; fileRef = 747EC7DA1A00C7D60087B269 /* software@2x.png */; };
		747EC7DD1A00C8070087B269 /* search@2x.png in Resources */ = {isa = PBXBuildFile; fileRef = 747EC7DC1A00C8070087B269 /* search@2x.png */; };
		747EC7DF1A00C8450087B269 /* feedback@2x.png in Resources */ = {isa = PBXBuildFile; fileRef = 747EC7DE1A00C8450087B269 /* feedback@2x.png */; };
		747EC7E11A00C8840087B269 /* weibo@2x.png in Resources */ = {isa = PBXBuildFile; fileRef = 747EC7E01A00C8840087B269 /* weibo@2x.png */; };
		747EC7E31A00C89F0087B269 /* logo@2x.png in Resources */ = {isa = PBXBuildFile; fileRef = 747EC7E21A00C89F0087B269 /* logo@2x.png */; };
		747EC7E51A00C8C60087B269 /* setting@2x.png in Resources */ = {isa = PBXBuildFile; fileRef = 747EC7E41A00C8C60087B269 /* setting@2x.png */; };
		747EC7E71A00C90F0087B269 /* rating@2x.png in Resources */ = {isa = PBXBuildFile; fileRef = 747EC7E61A00C90F0087B269 /* rating@2x.png */; };
		747EC7F71A00CFF70087B269 /* EGORefreshTableHeaderView.m in Sources */ = {isa = PBXBuildFile; fileRef = 747EC7F01A00CFF70087B269 /* EGORefreshTableHeaderView.m */; settings = {COMPILER_FLAGS = "-fno-objc-arc"; }; };
		747EC7F81A00CFF70087B269 /* LoadMoreTableFooterView.m in Sources */ = {isa = PBXBuildFile; fileRef = 747EC7F21A00CFF70087B269 /* LoadMoreTableFooterView.m */; settings = {COMPILER_FLAGS = "-fno-objc-arc"; }; };
		747EC7F91A00CFF70087B269 /* MessageInterceptor.m in Sources */ = {isa = PBXBuildFile; fileRef = 747EC7F41A00CFF70087B269 /* MessageInterceptor.m */; };
		747EC7FA1A00CFF70087B269 /* PullTableView.m in Sources */ = {isa = PBXBuildFile; fileRef = 747EC7F61A00CFF70087B269 /* PullTableView.m */; settings = {COMPILER_FLAGS = "-fno-objc-arc"; }; };
		747EC8041A00D0110087B269 /* blackArrow.png in Resources */ = {isa = PBXBuildFile; fileRef = 747EC7FC1A00D0110087B269 /* blackArrow.png */; };
		747EC8051A00D0110087B269 /* blackArrow@2x.png in Resources */ = {isa = PBXBuildFile; fileRef = 747EC7FD1A00D0110087B269 /* blackArrow@2x.png */; };
		747EC8061A00D0110087B269 /* blueArrow.png in Resources */ = {isa = PBXBuildFile; fileRef = 747EC7FE1A00D0110087B269 /* blueArrow.png */; };
		747EC8071A00D0110087B269 /* blueArrow@2x.png in Resources */ = {isa = PBXBuildFile; fileRef = 747EC7FF1A00D0110087B269 /* blueArrow@2x.png */; };
		747EC8081A00D0110087B269 /* grayArrow.png in Resources */ = {isa = PBXBuildFile; fileRef = 747EC8001A00D0110087B269 /* grayArrow.png */; };
		747EC8091A00D0110087B269 /* grayArrow@2x.png in Resources */ = {isa = PBXBuildFile; fileRef = 747EC8011A00D0110087B269 /* grayArrow@2x.png */; };
		747EC80A1A00D0110087B269 /* whiteArrow.png in Resources */ = {isa = PBXBuildFile; fileRef = 747EC8021A00D0110087B269 /* whiteArrow.png */; };
		747EC80B1A00D0110087B269 /* whiteArrow@2x.png in Resources */ = {isa = PBXBuildFile; fileRef = 747EC8031A00D0110087B269 /* whiteArrow@2x.png */; };
		747EC80D1A00DA180087B269 /* QuartzCore.framework in Frameworks */ = {isa = PBXBuildFile; fileRef = 747EC80C1A00DA180087B269 /* QuartzCore.framework */; };
		747EC8431A00DBF70087B269 /* ASIAuthenticationDialog.m in Sources */ = {isa = PBXBuildFile; fileRef = 747EC8101A00DBF60087B269 /* ASIAuthenticationDialog.m */; settings = {COMPILER_FLAGS = "-fno-objc-arc"; }; };
		747EC8441A00DBF70087B269 /* ASIDataCompressor.m in Sources */ = {isa = PBXBuildFile; fileRef = 747EC8131A00DBF60087B269 /* ASIDataCompressor.m */; settings = {COMPILER_FLAGS = "-fno-objc-arc"; }; };
		747EC8451A00DBF70087B269 /* ASIDataDecompressor.m in Sources */ = {isa = PBXBuildFile; fileRef = 747EC8151A00DBF60087B269 /* ASIDataDecompressor.m */; settings = {COMPILER_FLAGS = "-fno-objc-arc"; }; };
		747EC8461A00DBF70087B269 /* ASIDownloadCache.m in Sources */ = {isa = PBXBuildFile; fileRef = 747EC8171A00DBF60087B269 /* ASIDownloadCache.m */; settings = {COMPILER_FLAGS = "-fno-objc-arc"; }; };
		747EC8471A00DBF70087B269 /* ASIFormDataRequest.m in Sources */ = {isa = PBXBuildFile; fileRef = 747EC8191A00DBF60087B269 /* ASIFormDataRequest.m */; settings = {COMPILER_FLAGS = "-fno-objc-arc"; }; };
		747EC8481A00DBF70087B269 /* ASIHTTPRequest.m in Sources */ = {isa = PBXBuildFile; fileRef = 747EC81B1A00DBF60087B269 /* ASIHTTPRequest.m */; settings = {COMPILER_FLAGS = "-fno-objc-arc"; }; };
		747EC8491A00DBF70087B269 /* ASIInputStream.m in Sources */ = {isa = PBXBuildFile; fileRef = 747EC81F1A00DBF60087B269 /* ASIInputStream.m */; settings = {COMPILER_FLAGS = "-fno-objc-arc"; }; };
		747EC84A1A00DBF70087B269 /* ASINetworkQueue.m in Sources */ = {isa = PBXBuildFile; fileRef = 747EC8211A00DBF60087B269 /* ASINetworkQueue.m */; settings = {COMPILER_FLAGS = "-fno-objc-arc"; }; };
		747EC84B1A00DBF70087B269 /* ASIWebPageRequest.m in Sources */ = {isa = PBXBuildFile; fileRef = 747EC8251A00DBF60087B269 /* ASIWebPageRequest.m */; settings = {COMPILER_FLAGS = "-fno-objc-arc"; }; };
		747EC84C1A00DBF70087B269 /* ASICloudFilesCDNRequest.m in Sources */ = {isa = PBXBuildFile; fileRef = 747EC8281A00DBF60087B269 /* ASICloudFilesCDNRequest.m */; settings = {COMPILER_FLAGS = "-fno-objc-arc"; }; };
		747EC84D1A00DBF70087B269 /* ASICloudFilesContainer.m in Sources */ = {isa = PBXBuildFile; fileRef = 747EC82A1A00DBF60087B269 /* ASICloudFilesContainer.m */; settings = {COMPILER_FLAGS = "-fno-objc-arc"; }; };
		747EC84E1A00DBF70087B269 /* ASICloudFilesContainerRequest.m in Sources */ = {isa = PBXBuildFile; fileRef = 747EC82C1A00DBF60087B269 /* ASICloudFilesContainerRequest.m */; settings = {COMPILER_FLAGS = "-fno-objc-arc"; }; };
		747EC84F1A00DBF70087B269 /* ASICloudFilesContainerXMLParserDelegate.m in Sources */ = {isa = PBXBuildFile; fileRef = 747EC82E1A00DBF60087B269 /* ASICloudFilesContainerXMLParserDelegate.m */; settings = {COMPILER_FLAGS = "-fno-objc-arc"; }; };
		747EC8501A00DBF70087B269 /* ASICloudFilesObject.m in Sources */ = {isa = PBXBuildFile; fileRef = 747EC8301A00DBF60087B269 /* ASICloudFilesObject.m */; settings = {COMPILER_FLAGS = "-fno-objc-arc"; }; };
		747EC8511A00DBF70087B269 /* ASICloudFilesObjectRequest.m in Sources */ = {isa = PBXBuildFile; fileRef = 747EC8321A00DBF60087B269 /* ASICloudFilesObjectRequest.m */; settings = {COMPILER_FLAGS = "-fno-objc-arc"; }; };
		747EC8521A00DBF70087B269 /* ASICloudFilesRequest.m in Sources */ = {isa = PBXBuildFile; fileRef = 747EC8341A00DBF60087B269 /* ASICloudFilesRequest.m */; settings = {COMPILER_FLAGS = "-fno-objc-arc"; }; };
		747EC8531A00DBF70087B269 /* ASIS3Bucket.m in Sources */ = {isa = PBXBuildFile; fileRef = 747EC8381A00DBF60087B269 /* ASIS3Bucket.m */; settings = {COMPILER_FLAGS = "-fno-objc-arc"; }; };
		747EC8541A00DBF70087B269 /* ASIS3BucketObject.m in Sources */ = {isa = PBXBuildFile; fileRef = 747EC83A1A00DBF60087B269 /* ASIS3BucketObject.m */; settings = {COMPILER_FLAGS = "-fno-objc-arc"; }; };
		747EC8551A00DBF70087B269 /* ASIS3BucketRequest.m in Sources */ = {isa = PBXBuildFile; fileRef = 747EC83C1A00DBF60087B269 /* ASIS3BucketRequest.m */; settings = {COMPILER_FLAGS = "-fno-objc-arc"; }; };
		747EC8561A00DBF70087B269 /* ASIS3ObjectRequest.m in Sources */ = {isa = PBXBuildFile; fileRef = 747EC83E1A00DBF70087B269 /* ASIS3ObjectRequest.m */; settings = {COMPILER_FLAGS = "-fno-objc-arc"; }; };
		747EC8571A00DBF70087B269 /* ASIS3Request.m in Sources */ = {isa = PBXBuildFile; fileRef = 747EC8401A00DBF70087B269 /* ASIS3Request.m */; settings = {COMPILER_FLAGS = "-fno-objc-arc"; }; };
		747EC8581A00DBF70087B269 /* ASIS3ServiceRequest.m in Sources */ = {isa = PBXBuildFile; fileRef = 747EC8421A00DBF70087B269 /* ASIS3ServiceRequest.m */; settings = {COMPILER_FLAGS = "-fno-objc-arc"; }; };
		747EC85F1A00DD560087B269 /* README-GHUnit in Resources */ = {isa = PBXBuildFile; fileRef = 747EC85B1A00DD560087B269 /* README-GHUnit */; };
		747EC8601A00DD560087B269 /* Reachability.m in Sources */ = {isa = PBXBuildFile; fileRef = 747EC85E1A00DD560087B269 /* Reachability.m */; settings = {COMPILER_FLAGS = "-fno-objc-arc"; }; };
		747EC8621A00DDD20087B269 /* libxml2.dylib in Frameworks */ = {isa = PBXBuildFile; fileRef = 747EC8611A00DDD20087B269 /* libxml2.dylib */; };
		747EC8641A00DDFA0087B269 /* libz.dylib in Frameworks */ = {isa = PBXBuildFile; fileRef = 747EC8631A00DDFA0087B269 /* libz.dylib */; };
		747EC86B1A010B2B0087B269 /* XmlParser.m in Sources */ = {isa = PBXBuildFile; fileRef = 747EC86A1A010B2B0087B269 /* XmlParser.m */; };
		747EC87D1A010FAB0087B269 /* Foundation.framework in Frameworks */ = {isa = PBXBuildFile; fileRef = 747EC87C1A010FAB0087B269 /* Foundation.framework */; };
		747EC87F1A0110EF0087B269 /* UIKit.framework in Frameworks */ = {isa = PBXBuildFile; fileRef = 747EC87E1A0110EF0087B269 /* UIKit.framework */; };
		747EC8901A0111C90087B269 /* CoreData.framework in Frameworks */ = {isa = PBXBuildFile; fileRef = 747EC88F1A0111C90087B269 /* CoreData.framework */; };
		747EC8D51A0114F70087B269 /* TBXML.m in Sources */ = {isa = PBXBuildFile; fileRef = 747EC8D21A0114F70087B269 /* TBXML.m */; settings = {COMPILER_FLAGS = "-fno-objc-arc"; }; };
		747EC8D61A0114F70087B269 /* TBXML+Compression.m in Sources */ = {isa = PBXBuildFile; fileRef = 747EC8D31A0114F70087B269 /* TBXML+Compression.m */; };
		747EC8D71A0114F70087B269 /* TBXML+HTTP.m in Sources */ = {isa = PBXBuildFile; fileRef = 747EC8D41A0114F70087B269 /* TBXML+HTTP.m */; settings = {COMPILER_FLAGS = "-fno-objc-arc"; }; };
		74AAE2B01A1B7C7A00730759 /* PubComments.m in Sources */ = {isa = PBXBuildFile; fileRef = 74AAE2AF1A1B7C7900730759 /* PubComments.m */; };
		74B1985F1A0663A700A42963 /* CommentCell.m in Sources */ = {isa = PBXBuildFile; fileRef = 74B1985E1A0663A700A42963 /* CommentCell.m */; };
		74B95DA31A139A3D009BA4D4 /* SearchViewController.m in Sources */ = {isa = PBXBuildFile; fileRef = 74B95DA21A139A3D009BA4D4 /* SearchViewController.m */; };
		74C6475C1A0A581D004F0DD7 /* PostDetails.m in Sources */ = {isa = PBXBuildFile; fileRef = 74C6475B1A0A581D004F0DD7 /* PostDetails.m */; };
		74C6475F1A0A5A5A004F0DD7 /* PostMsg.m in Sources */ = {isa = PBXBuildFile; fileRef = 74C6475E1A0A5A5A004F0DD7 /* PostMsg.m */; };
		74C647621A0A6110004F0DD7 /* ReportViewControl.m in Sources */ = {isa = PBXBuildFile; fileRef = 74C647611A0A6110004F0DD7 /* ReportViewControl.m */; };
		74CD83591A10D6FA007B16BD /* QuestionViewControl.m in Sources */ = {isa = PBXBuildFile; fileRef = 74CD83581A10D6FA007B16BD /* QuestionViewControl.m */; };
		74CD835F1A10E644007B16BD /* TweetDetailViewControl.m in Sources */ = {isa = PBXBuildFile; fileRef = 74CD835E1A10E644007B16BD /* TweetDetailViewControl.m */; };
		74D76F1D1A1A15300085D8DD /* Helper.m in Sources */ = {isa = PBXBuildFile; fileRef = 74D76F1C1A1A15300085D8DD /* Helper.m */; };
		74D76F201A1A1FE20085D8DD /* BlogDetail.m in Sources */ = {isa = PBXBuildFile; fileRef = 74D76F1F1A1A1FE20085D8DD /* BlogDetail.m */; };
		74DF81E41A123ACC00E8BD8F /* audio.html in Resources */ = {isa = PBXBuildFile; fileRef = 74DF81E31A123ACC00E8BD8F /* audio.html */; };
		74DF81E71A123B1D00E8BD8F /* jquery-1.7.1.min.js in Resources */ = {isa = PBXBuildFile; fileRef = 74DF81E51A123B1D00E8BD8F /* jquery-1.7.1.min.js */; };
		74DF81E81A123B1D00E8BD8F /* jquery.js in Resources */ = {isa = PBXBuildFile; fileRef = 74DF81E61A123B1D00E8BD8F /* jquery.js */; };
		74E8B6131A0F447800CED382 /* MoreViewControl.m in Sources */ = {isa = PBXBuildFile; fileRef = 74E8B6121A0F447800CED382 /* MoreViewControl.m */; };
		74E8B63C1A0F497800CED382 /* AVFoundation.framework in Frameworks */ = {isa = PBXBuildFile; fileRef = 74E8B63B1A0F497800CED382 /* AVFoundation.framework */; };
		74E8B63E1A0F498300CED382 /* CoreMedia.framework in Frameworks */ = {isa = PBXBuildFile; fileRef = 74E8B63D1A0F498300CED382 /* CoreMedia.framework */; };
		74E8B6401A0F498E00CED382 /* CoreVideo.framework in Frameworks */ = {isa = PBXBuildFile; fileRef = 74E8B63F1A0F498E00CED382 /* CoreVideo.framework */; };
		74E8B6421A0F49A500CED382 /* libiconv.dylib in Frameworks */ = {isa = PBXBuildFile; fileRef = 74E8B6411A0F49A500CED382 /* libiconv.dylib */; };
		74E8B6451A0F49DD00CED382 /* QrcodeViewControl.m in Sources */ = {isa = PBXBuildFile; fileRef = 74E8B6441A0F49DD00CED382 /* QrcodeViewControl.m */; };
		74E91EEA1A01196B00087136 /* MsgDetail.m in Sources */ = {isa = PBXBuildFile; fileRef = 74E91EE91A01196B00087136 /* MsgDetail.m */; };
		74E91EEF1A011F9400087136 /* MsgCell.m in Sources */ = {isa = PBXBuildFile; fileRef = 74E91EEE1A011F9400087136 /* MsgCell.m */; };
		74EFB7E31A02682400358F0D /* NewDetail.m in Sources */ = {isa = PBXBuildFile; fileRef = 74EFB7E21A02682400358F0D /* NewDetail.m */; };
		74EFB7E61A026C4F00358F0D /* NewDetailsControl.m in Sources */ = {isa = PBXBuildFile; fileRef = 74EFB7E51A026C4F00358F0D /* NewDetailsControl.m */; };
		74F658D41A0320660011A664 /* CommentsDetail.m in Sources */ = {isa = PBXBuildFile; fileRef = 74F658D31A0320660011A664 /* CommentsDetail.m */; };
		74F658D71A0321670011A664 /* ShareDetail.m in Sources */ = {isa = PBXBuildFile; fileRef = 74F658D61A0321670011A664 /* ShareDetail.m */; };
		74F658D91A0322130011A664 /* detail@2x.png in Resources */ = {isa = PBXBuildFile; fileRef = 74F658D81A0322130011A664 /* detail@2x.png */; };
		74F658DB1A0322570011A664 /* share@2x.png in Resources */ = {isa = PBXBuildFile; fileRef = 74F658DA1A0322570011A664 /* share@2x.png */; };
		74F658DD1A03228A0011A664 /* commentlist@2x.png in Resources */ = {isa = PBXBuildFile; fileRef = 74F658DC1A03228A0011A664 /* commentlist@2x.png */; };
		74F658E01A032E2A0011A664 /* SingleNews.m in Sources */ = {isa = PBXBuildFile; fileRef = 74F658DF1A032E2A0011A664 /* SingleNews.m */; };
		74F658E31A0356030011A664 /* BlogDetails.m in Sources */ = {isa = PBXBuildFile; fileRef = 74F658E21A0356030011A664 /* BlogDetails.m */; };
		74FF0B031A074CED00239B09 /* big_avatar_loading.png in Resources */ = {isa = PBXBuildFile; fileRef = 74FF0B021A074CED00239B09 /* big_avatar_loading.png */; };
		74FF0B061A07BCCF00239B09 /* ReplyCiewControl.m in Sources */ = {isa = PBXBuildFile; fileRef = 74FF0B051A07BCCF00239B09 /* ReplyCiewControl.m */; };
/* End PBXBuildFile section */

/* Begin PBXContainerItemProxy section */
		747EC7AD1A00B2870087B269 /* PBXContainerItemProxy */ = {
			isa = PBXContainerItemProxy;
			containerPortal = 747EC78B1A00B2870087B269 /* Project object */;
			proxyType = 1;
			remoteGlobalIDString = 747EC7921A00B2870087B269;
			remoteInfo = "my-oschina";
		};
/* End PBXContainerItemProxy section */

/* Begin PBXFileReference section */
		740CBF4E1A0CF2C000456AE7 /* OwnViewControl.h */ = {isa = PBXFileReference; fileEncoding = 4; lastKnownFileType = sourcecode.c.h; name = OwnViewControl.h; path = ViewControl/OwnViewControl.h; sourceTree = "<group>"; };
		740CBF4F1A0CF2C000456AE7 /* OwnViewControl.m */ = {isa = PBXFileReference; fileEncoding = 4; lastKnownFileType = sourcecode.c.objc; name = OwnViewControl.m; path = ViewControl/OwnViewControl.m; sourceTree = "<group>"; };
		740CBF511A0CF74C00456AE7 /* LoginViewControl.h */ = {isa = PBXFileReference; fileEncoding = 4; lastKnownFileType = sourcecode.c.h; name = LoginViewControl.h; path = ViewControl/LoginViewControl.h; sourceTree = "<group>"; };
		740CBF521A0CF74C00456AE7 /* LoginViewControl.m */ = {isa = PBXFileReference; fileEncoding = 4; lastKnownFileType = sourcecode.c.objc; name = LoginViewControl.m; path = ViewControl/LoginViewControl.m; sourceTree = "<group>"; };
		740CBF541A0DCF6800456AE7 /* UserData.h */ = {isa = PBXFileReference; fileEncoding = 4; lastKnownFileType = sourcecode.c.h; name = UserData.h; path = MsgContent/UserData.h; sourceTree = "<group>"; };
		740CBF551A0DCF6800456AE7 /* UserData.m */ = {isa = PBXFileReference; fileEncoding = 4; lastKnownFileType = sourcecode.c.objc; name = UserData.m; path = MsgContent/UserData.m; sourceTree = "<group>"; };
		740CBF571A0E2E7200456AE7 /* OwnMsg.h */ = {isa = PBXFileReference; fileEncoding = 4; lastKnownFileType = sourcecode.c.h; name = OwnMsg.h; path = MsgContent/OwnMsg.h; sourceTree = "<group>"; };
		740CBF581A0E2E7200456AE7 /* OwnMsg.m */ = {isa = PBXFileReference; fileEncoding = 4; lastKnownFileType = sourcecode.c.objc; name = OwnMsg.m; path = MsgContent/OwnMsg.m; sourceTree = "<group>"; };
		740CBF5A1A0E362800456AE7 /* OwnCell.h */ = {isa = PBXFileReference; fileEncoding = 4; lastKnownFileType = sourcecode.c.h; name = OwnCell.h; path = TableCell/OwnCell.h; sourceTree = "<group>"; };
		740CBF5B1A0E362800456AE7 /* OwnCell.m */ = {isa = PBXFileReference; fileEncoding = 4; lastKnownFileType = sourcecode.c.objc; name = OwnCell.m; path = TableCell/OwnCell.m; sourceTree = "<group>"; };
		742597C71A03A5E20046300A /* Images.xcassets */ = {isa = PBXFileReference; lastKnownFileType = folder.assetcatalog; path = Images.xcassets; sourceTree = "<group>"; };
		742597C91A03BA670046300A /* CommentMsgDetails.h */ = {isa = PBXFileReference; fileEncoding = 4; lastKnownFileType = sourcecode.c.h; name = CommentMsgDetails.h; path = MsgContent/CommentMsgDetails.h; sourceTree = "<group>"; };
		742597CA1A03BA670046300A /* CommentMsgDetails.m */ = {isa = PBXFileReference; fileEncoding = 4; lastKnownFileType = sourcecode.c.objc; name = CommentMsgDetails.m; path = MsgContent/CommentMsgDetails.m; sourceTree = "<group>"; };
		7438FF921A09B501009481FA /* QuestionCell.h */ = {isa = PBXFileReference; fileEncoding = 4; lastKnownFileType = sourcecode.c.h; name = QuestionCell.h; path = MsgContent/QuestionCell.h; sourceTree = "<group>"; };
		7438FF931A09B501009481FA /* QuestionCell.m */ = {isa = PBXFileReference; fileEncoding = 4; lastKnownFileType = sourcecode.c.objc; name = QuestionCell.m; path = MsgContent/QuestionCell.m; sourceTree = "<group>"; };
		743F2FD31A0BAEFE002D020A /* TweetMsg.h */ = {isa = PBXFileReference; fileEncoding = 4; lastKnownFileType = sourcecode.c.h; name = TweetMsg.h; path = MsgContent/TweetMsg.h; sourceTree = "<group>"; };
		743F2FD41A0BAEFE002D020A /* TweetMsg.m */ = {isa = PBXFileReference; fileEncoding = 4; lastKnownFileType = sourcecode.c.objc; name = TweetMsg.m; path = MsgContent/TweetMsg.m; sourceTree = "<group>"; };
		743F2FD61A0BB5A8002D020A /* TweetCell.h */ = {isa = PBXFileReference; fileEncoding = 4; lastKnownFileType = sourcecode.c.h; name = TweetCell.h; path = TableCell/TweetCell.h; sourceTree = "<group>"; };
		743F2FD71A0BB5A8002D020A /* TweetCell.m */ = {isa = PBXFileReference; fileEncoding = 4; lastKnownFileType = sourcecode.c.objc; name = TweetCell.m; path = TableCell/TweetCell.m; sourceTree = "<group>"; };
		743F2FD91A0BC248002D020A /* comment.png */ = {isa = PBXFileReference; lastKnownFileType = image.png; path = comment.png; sourceTree = "<group>"; };
		744844B61A08983A00FAC42E /* AsyncImageView.h */ = {isa = PBXFileReference; fileEncoding = 4; lastKnownFileType = sourcecode.c.h; path = AsyncImageView.h; sourceTree = "<group>"; };
		744844B71A08983A00FAC42E /* AsyncImageView.m */ = {isa = PBXFileReference; fileEncoding = 4; lastKnownFileType = sourcecode.c.objc; path = AsyncImageView.m; sourceTree = "<group>"; };
		744844B91A089CD000FAC42E /* share_sina.png */ = {isa = PBXFileReference; lastKnownFileType = image.png; path = share_sina.png; sourceTree = "<group>"; };
		744844BA1A089CD000FAC42E /* share_tencent.png */ = {isa = PBXFileReference; lastKnownFileType = image.png; path = share_tencent.png; sourceTree = "<group>"; };
		744844BB1A089CD000FAC42E /* share_weixin.png */ = {isa = PBXFileReference; lastKnownFileType = image.png; path = share_weixin.png; sourceTree = "<group>"; };
		744844BC1A089CD000FAC42E /* share_weixinFriend.png */ = {isa = PBXFileReference; lastKnownFileType = image.png; path = share_weixinFriend.png; sourceTree = "<group>"; };
		74501B361A1A29DC00DAA253 /* SoftDetail.h */ = {isa = PBXFileReference; fileEncoding = 4; lastKnownFileType = sourcecode.c.h; name = SoftDetail.h; path = ViewControl/SoftDetail.h; sourceTree = "<group>"; };
		74501B371A1A29DC00DAA253 /* SoftDetail.m */ = {isa = PBXFileReference; fileEncoding = 4; lastKnownFileType = sourcecode.c.objc; name = SoftDetail.m; path = ViewControl/SoftDetail.m; sourceTree = "<group>"; };
		745A48CD1A08FAC100957748 /* RefreshTableHeaderView.h */ = {isa = PBXFileReference; fileEncoding = 4; lastKnownFileType = sourcecode.c.h; path = RefreshTableHeaderView.h; sourceTree = "<group>"; };
		745A48CE1A08FAC100957748 /* RefreshTableHeaderView.m */ = {isa = PBXFileReference; fileEncoding = 4; lastKnownFileType = sourcecode.c.objc; path = RefreshTableHeaderView.m; sourceTree = "<group>"; };
		745A48D61A090E7E00957748 /* QuestionMsg.h */ = {isa = PBXFileReference; fileEncoding = 4; lastKnownFileType = sourcecode.c.h; name = QuestionMsg.h; path = MsgContent/QuestionMsg.h; sourceTree = "<group>"; };
		745A48D71A090E7E00957748 /* QuestionMsg.m */ = {isa = PBXFileReference; fileEncoding = 4; lastKnownFileType = sourcecode.c.objc; name = QuestionMsg.m; path = MsgContent/QuestionMsg.m; sourceTree = "<group>"; };
		746B620C1A0A665000A1C9BE /* TweetViewControl.h */ = {isa = PBXFileReference; fileEncoding = 4; lastKnownFileType = sourcecode.c.h; name = TweetViewControl.h; path = ViewControl/TweetViewControl.h; sourceTree = "<group>"; };
		746B620D1A0A665000A1C9BE /* TweetViewControl.m */ = {isa = PBXFileReference; fileEncoding = 4; lastKnownFileType = sourcecode.c.objc; name = TweetViewControl.m; path = ViewControl/TweetViewControl.m; sourceTree = "<group>"; };
		7476B68F1A162C0200B4FE5F /* ResultMsg.h */ = {isa = PBXFileReference; fileEncoding = 4; lastKnownFileType = sourcecode.c.h; name = ResultMsg.h; path = MsgContent/ResultMsg.h; sourceTree = "<group>"; };
		7476B6901A162C0200B4FE5F /* ResultMsg.m */ = {isa = PBXFileReference; fileEncoding = 4; lastKnownFileType = sourcecode.c.objc; name = ResultMsg.m; path = MsgContent/ResultMsg.m; sourceTree = "<group>"; };
		7476B7051A177E2400B4FE5F /* CustomProtocol.h */ = {isa = PBXFileReference; lastKnownFileType = sourcecode.c.h; path = CustomProtocol.h; sourceTree = "<group>"; };
		7476B7061A177F0400B4FE5F /* MyUITabBarControl.h */ = {isa = PBXFileReference; fileEncoding = 4; lastKnownFileType = sourcecode.c.h; name = MyUITabBarControl.h; path = ViewControl/MyUITabBarControl.h; sourceTree = "<group>"; };
		7476B7071A177F0400B4FE5F /* MyUITabBarControl.m */ = {isa = PBXFileReference; fileEncoding = 4; lastKnownFileType = sourcecode.c.objc; name = MyUITabBarControl.m; path = ViewControl/MyUITabBarControl.m; sourceTree = "<group>"; };
		7476B7091A17852800B4FE5F /* searchWhite@2x 2.png */ = {isa = PBXFileReference; lastKnownFileType = image.png; path = "searchWhite@2x 2.png"; sourceTree = "<group>"; };
		7476B70A1A17852800B4FE5F /* searchWhite@2x.png */ = {isa = PBXFileReference; lastKnownFileType = image.png; path = "searchWhite@2x.png"; sourceTree = "<group>"; };
		747EC7931A00B2870087B269 /* my-oschina.app */ = {isa = PBXFileReference; explicitFileType = wrapper.application; includeInIndex = 0; path = "my-oschina.app"; sourceTree = BUILT_PRODUCTS_DIR; };
		747EC7971A00B2870087B269 /* Info.plist */ = {isa = PBXFileReference; lastKnownFileType = text.plist.xml; path = Info.plist; sourceTree = "<group>"; };
		747EC7981A00B2870087B269 /* main.m */ = {isa = PBXFileReference; lastKnownFileType = sourcecode.c.objc; path = main.m; sourceTree = "<group>"; };
		747EC79A1A00B2870087B269 /* AppDelegate.h */ = {isa = PBXFileReference; lastKnownFileType = sourcecode.c.h; path = AppDelegate.h; sourceTree = "<group>"; };
		747EC79B1A00B2870087B269 /* AppDelegate.m */ = {isa = PBXFileReference; lastKnownFileType = sourcecode.c.objc; path = AppDelegate.m; sourceTree = "<group>"; };
		747EC79D1A00B2870087B269 /* ViewController.h */ = {isa = PBXFileReference; lastKnownFileType = sourcecode.c.h; path = ViewController.h; sourceTree = "<group>"; };
		747EC79E1A00B2870087B269 /* ViewController.m */ = {isa = PBXFileReference; lastKnownFileType = sourcecode.c.objc; path = ViewController.m; sourceTree = "<group>"; };
		747EC7A11A00B2870087B269 /* Base */ = {isa = PBXFileReference; lastKnownFileType = file.storyboard; name = Base; path = Base.lproj/Main.storyboard; sourceTree = "<group>"; };
		747EC7A31A00B2870087B269 /* Images.xcassets */ = {isa = PBXFileReference; lastKnownFileType = folder.assetcatalog; path = Images.xcassets; sourceTree = "<group>"; };
		747EC7A61A00B2870087B269 /* Base */ = {isa = PBXFileReference; lastKnownFileType = file.xib; name = Base; path = Base.lproj/LaunchScreen.xib; sourceTree = "<group>"; };
		747EC7AC1A00B2870087B269 /* my-oschinaTests.xctest */ = {isa = PBXFileReference; explicitFileType = wrapper.cfbundle; includeInIndex = 0; path = "my-oschinaTests.xctest"; sourceTree = BUILT_PRODUCTS_DIR; };
		747EC7B11A00B2870087B269 /* Info.plist */ = {isa = PBXFileReference; lastKnownFileType = text.plist.xml; path = Info.plist; sourceTree = "<group>"; };
		747EC7B21A00B2870087B269 /* my_oschinaTests.m */ = {isa = PBXFileReference; lastKnownFileType = sourcecode.c.objc; path = my_oschinaTests.m; sourceTree = "<group>"; };
		747EC7BD1A00B8D90087B269 /* answer@2x.png */ = {isa = PBXFileReference; lastKnownFileType = image.png; path = "answer@2x.png"; sourceTree = "<group>"; };
		747EC7BF1A00B8F50087B269 /* info@2x.png */ = {isa = PBXFileReference; lastKnownFileType = image.png; path = "info@2x.png"; sourceTree = "<group>"; };
		747EC7C11A00B9020087B269 /* more@2x.png */ = {isa = PBXFileReference; lastKnownFileType = image.png; path = "more@2x.png"; sourceTree = "<group>"; };
		747EC7C31A00B9190087B269 /* tweet@2x.png */ = {isa = PBXFileReference; lastKnownFileType = image.png; path = "tweet@2x.png"; sourceTree = "<group>"; };
		747EC7C51A00B9B30087B269 /* active@2x.png */ = {isa = PBXFileReference; lastKnownFileType = image.png; path = "active@2x.png"; sourceTree = "<group>"; };
		747EC7C81A00BB300087B269 /* InfoViewControl.h */ = {isa = PBXFileReference; fileEncoding = 4; lastKnownFileType = sourcecode.c.h; name = InfoViewControl.h; path = ViewControl/InfoViewControl.h; sourceTree = "<group>"; };
		747EC7C91A00BB300087B269 /* InfoViewControl.m */ = {isa = PBXFileReference; fileEncoding = 4; lastKnownFileType = sourcecode.c.objc; name = InfoViewControl.m; path = ViewControl/InfoViewControl.m; sourceTree = "<group>"; };
		747EC7CB1A00BF560087B269 /* searchBlue@2x.png */ = {isa = PBXFileReference; lastKnownFileType = image.png; path = "searchBlue@2x.png"; sourceTree = "<group>"; };
		747EC7D01A00C0F10087B269 /* questionBlue@2x.png */ = {isa = PBXFileReference; lastKnownFileType = image.png; path = "questionBlue@2x.png"; sourceTree = "<group>"; };
		747EC7D21A00C1B60087B269 /* microcomment.png */ = {isa = PBXFileReference; lastKnownFileType = image.png; path = microcomment.png; sourceTree = "<group>"; };
		747EC7D41A00C5E60087B269 /* account@2x.png */ = {isa = PBXFileReference; lastKnownFileType = image.png; path = "account@2x.png"; sourceTree = "<group>"; };
		747EC7D61A00C6910087B269 /* scan@2x.png */ = {isa = PBXFileReference; lastKnownFileType = image.png; path = "scan@2x.png"; sourceTree = "<group>"; };
		747EC7D81A00C6E30087B269 /* exit@2x.png */ = {isa = PBXFileReference; lastKnownFileType = image.png; path = "exit@2x.png"; sourceTree = "<group>"; };
		747EC7DA1A00C7D60087B269 /* software@2x.png */ = {isa = PBXFileReference; lastKnownFileType = image.png; path = "software@2x.png"; sourceTree = "<group>"; };
		747EC7DC1A00C8070087B269 /* search@2x.png */ = {isa = PBXFileReference; lastKnownFileType = image.png; path = "search@2x.png"; sourceTree = "<group>"; };
		747EC7DE1A00C8450087B269 /* feedback@2x.png */ = {isa = PBXFileReference; lastKnownFileType = image.png; path = "feedback@2x.png"; sourceTree = "<group>"; };
		747EC7E01A00C8840087B269 /* weibo@2x.png */ = {isa = PBXFileReference; lastKnownFileType = image.png; path = "weibo@2x.png"; sourceTree = "<group>"; };
		747EC7E21A00C89F0087B269 /* logo@2x.png */ = {isa = PBXFileReference; lastKnownFileType = image.png; path = "logo@2x.png"; sourceTree = "<group>"; };
		747EC7E41A00C8C60087B269 /* setting@2x.png */ = {isa = PBXFileReference; lastKnownFileType = image.png; path = "setting@2x.png"; sourceTree = "<group>"; };
		747EC7E61A00C90F0087B269 /* rating@2x.png */ = {isa = PBXFileReference; lastKnownFileType = image.png; path = "rating@2x.png"; sourceTree = "<group>"; };
		747EC7EF1A00CFF70087B269 /* EGORefreshTableHeaderView.h */ = {isa = PBXFileReference; fileEncoding = 4; lastKnownFileType = sourcecode.c.h; path = EGORefreshTableHeaderView.h; sourceTree = "<group>"; };
		747EC7F01A00CFF70087B269 /* EGORefreshTableHeaderView.m */ = {isa = PBXFileReference; fileEncoding = 4; lastKnownFileType = sourcecode.c.objc; path = EGORefreshTableHeaderView.m; sourceTree = "<group>"; };
		747EC7F11A00CFF70087B269 /* LoadMoreTableFooterView.h */ = {isa = PBXFileReference; fileEncoding = 4; lastKnownFileType = sourcecode.c.h; path = LoadMoreTableFooterView.h; sourceTree = "<group>"; };
		747EC7F21A00CFF70087B269 /* LoadMoreTableFooterView.m */ = {isa = PBXFileReference; fileEncoding = 4; lastKnownFileType = sourcecode.c.objc; path = LoadMoreTableFooterView.m; sourceTree = "<group>"; };
		747EC7F31A00CFF70087B269 /* MessageInterceptor.h */ = {isa = PBXFileReference; fileEncoding = 4; lastKnownFileType = sourcecode.c.h; path = MessageInterceptor.h; sourceTree = "<group>"; };
		747EC7F41A00CFF70087B269 /* MessageInterceptor.m */ = {isa = PBXFileReference; fileEncoding = 4; lastKnownFileType = sourcecode.c.objc; path = MessageInterceptor.m; sourceTree = "<group>"; };
		747EC7F51A00CFF70087B269 /* PullTableView.h */ = {isa = PBXFileReference; fileEncoding = 4; lastKnownFileType = sourcecode.c.h; path = PullTableView.h; sourceTree = "<group>"; };
		747EC7F61A00CFF70087B269 /* PullTableView.m */ = {isa = PBXFileReference; fileEncoding = 4; lastKnownFileType = sourcecode.c.objc; path = PullTableView.m; sourceTree = "<group>"; };
		747EC7FC1A00D0110087B269 /* blackArrow.png */ = {isa = PBXFileReference; lastKnownFileType = image.png; path = blackArrow.png; sourceTree = "<group>"; };
		747EC7FD1A00D0110087B269 /* blackArrow@2x.png */ = {isa = PBXFileReference; lastKnownFileType = image.png; path = "blackArrow@2x.png"; sourceTree = "<group>"; };
		747EC7FE1A00D0110087B269 /* blueArrow.png */ = {isa = PBXFileReference; lastKnownFileType = image.png; path = blueArrow.png; sourceTree = "<group>"; };
		747EC7FF1A00D0110087B269 /* blueArrow@2x.png */ = {isa = PBXFileReference; lastKnownFileType = image.png; path = "blueArrow@2x.png"; sourceTree = "<group>"; };
		747EC8001A00D0110087B269 /* grayArrow.png */ = {isa = PBXFileReference; lastKnownFileType = image.png; path = grayArrow.png; sourceTree = "<group>"; };
		747EC8011A00D0110087B269 /* grayArrow@2x.png */ = {isa = PBXFileReference; lastKnownFileType = image.png; path = "grayArrow@2x.png"; sourceTree = "<group>"; };
		747EC8021A00D0110087B269 /* whiteArrow.png */ = {isa = PBXFileReference; lastKnownFileType = image.png; path = whiteArrow.png; sourceTree = "<group>"; };
		747EC8031A00D0110087B269 /* whiteArrow@2x.png */ = {isa = PBXFileReference; lastKnownFileType = image.png; path = "whiteArrow@2x.png"; sourceTree = "<group>"; };
		747EC80C1A00DA180087B269 /* QuartzCore.framework */ = {isa = PBXFileReference; lastKnownFileType = wrapper.framework; name = QuartzCore.framework; path = System/Library/Frameworks/QuartzCore.framework; sourceTree = SDKROOT; };
		747EC80F1A00DBF60087B269 /* ASIAuthenticationDialog.h */ = {isa = PBXFileReference; fileEncoding = 4; lastKnownFileType = sourcecode.c.h; path = ASIAuthenticationDialog.h; sourceTree = "<group>"; };
		747EC8101A00DBF60087B269 /* ASIAuthenticationDialog.m */ = {isa = PBXFileReference; fileEncoding = 4; lastKnownFileType = sourcecode.c.objc; path = ASIAuthenticationDialog.m; sourceTree = "<group>"; };
		747EC8111A00DBF60087B269 /* ASICacheDelegate.h */ = {isa = PBXFileReference; fileEncoding = 4; lastKnownFileType = sourcecode.c.h; path = ASICacheDelegate.h; sourceTree = "<group>"; };
		747EC8121A00DBF60087B269 /* ASIDataCompressor.h */ = {isa = PBXFileReference; fileEncoding = 4; lastKnownFileType = sourcecode.c.h; path = ASIDataCompressor.h; sourceTree = "<group>"; };
		747EC8131A00DBF60087B269 /* ASIDataCompressor.m */ = {isa = PBXFileReference; fileEncoding = 4; lastKnownFileType = sourcecode.c.objc; path = ASIDataCompressor.m; sourceTree = "<group>"; };
		747EC8141A00DBF60087B269 /* ASIDataDecompressor.h */ = {isa = PBXFileReference; fileEncoding = 4; lastKnownFileType = sourcecode.c.h; path = ASIDataDecompressor.h; sourceTree = "<group>"; };
		747EC8151A00DBF60087B269 /* ASIDataDecompressor.m */ = {isa = PBXFileReference; fileEncoding = 4; lastKnownFileType = sourcecode.c.objc; path = ASIDataDecompressor.m; sourceTree = "<group>"; };
		747EC8161A00DBF60087B269 /* ASIDownloadCache.h */ = {isa = PBXFileReference; fileEncoding = 4; lastKnownFileType = sourcecode.c.h; path = ASIDownloadCache.h; sourceTree = "<group>"; };
		747EC8171A00DBF60087B269 /* ASIDownloadCache.m */ = {isa = PBXFileReference; fileEncoding = 4; lastKnownFileType = sourcecode.c.objc; path = ASIDownloadCache.m; sourceTree = "<group>"; };
		747EC8181A00DBF60087B269 /* ASIFormDataRequest.h */ = {isa = PBXFileReference; fileEncoding = 4; lastKnownFileType = sourcecode.c.h; path = ASIFormDataRequest.h; sourceTree = "<group>"; };
		747EC8191A00DBF60087B269 /* ASIFormDataRequest.m */ = {isa = PBXFileReference; fileEncoding = 4; lastKnownFileType = sourcecode.c.objc; path = ASIFormDataRequest.m; sourceTree = "<group>"; };
		747EC81A1A00DBF60087B269 /* ASIHTTPRequest.h */ = {isa = PBXFileReference; fileEncoding = 4; lastKnownFileType = sourcecode.c.h; path = ASIHTTPRequest.h; sourceTree = "<group>"; };
		747EC81B1A00DBF60087B269 /* ASIHTTPRequest.m */ = {isa = PBXFileReference; fileEncoding = 4; lastKnownFileType = sourcecode.c.objc; path = ASIHTTPRequest.m; sourceTree = "<group>"; };
		747EC81C1A00DBF60087B269 /* ASIHTTPRequestConfig.h */ = {isa = PBXFileReference; fileEncoding = 4; lastKnownFileType = sourcecode.c.h; path = ASIHTTPRequestConfig.h; sourceTree = "<group>"; };
		747EC81D1A00DBF60087B269 /* ASIHTTPRequestDelegate.h */ = {isa = PBXFileReference; fileEncoding = 4; lastKnownFileType = sourcecode.c.h; path = ASIHTTPRequestDelegate.h; sourceTree = "<group>"; };
		747EC81E1A00DBF60087B269 /* ASIInputStream.h */ = {isa = PBXFileReference; fileEncoding = 4; lastKnownFileType = sourcecode.c.h; path = ASIInputStream.h; sourceTree = "<group>"; };
		747EC81F1A00DBF60087B269 /* ASIInputStream.m */ = {isa = PBXFileReference; fileEncoding = 4; lastKnownFileType = sourcecode.c.objc; path = ASIInputStream.m; sourceTree = "<group>"; };
		747EC8201A00DBF60087B269 /* ASINetworkQueue.h */ = {isa = PBXFileReference; fileEncoding = 4; lastKnownFileType = sourcecode.c.h; path = ASINetworkQueue.h; sourceTree = "<group>"; };
		747EC8211A00DBF60087B269 /* ASINetworkQueue.m */ = {isa = PBXFileReference; fileEncoding = 4; lastKnownFileType = sourcecode.c.objc; path = ASINetworkQueue.m; sourceTree = "<group>"; };
		747EC8221A00DBF60087B269 /* ASIProgressDelegate.h */ = {isa = PBXFileReference; fileEncoding = 4; lastKnownFileType = sourcecode.c.h; path = ASIProgressDelegate.h; sourceTree = "<group>"; };
		747EC8241A00DBF60087B269 /* ASIWebPageRequest.h */ = {isa = PBXFileReference; fileEncoding = 4; lastKnownFileType = sourcecode.c.h; path = ASIWebPageRequest.h; sourceTree = "<group>"; };
		747EC8251A00DBF60087B269 /* ASIWebPageRequest.m */ = {isa = PBXFileReference; fileEncoding = 4; lastKnownFileType = sourcecode.c.objc; path = ASIWebPageRequest.m; sourceTree = "<group>"; };
		747EC8271A00DBF60087B269 /* ASICloudFilesCDNRequest.h */ = {isa = PBXFileReference; fileEncoding = 4; lastKnownFileType = sourcecode.c.h; path = ASICloudFilesCDNRequest.h; sourceTree = "<group>"; };
		747EC8281A00DBF60087B269 /* ASICloudFilesCDNRequest.m */ = {isa = PBXFileReference; fileEncoding = 4; lastKnownFileType = sourcecode.c.objc; path = ASICloudFilesCDNRequest.m; sourceTree = "<group>"; };
		747EC8291A00DBF60087B269 /* ASICloudFilesContainer.h */ = {isa = PBXFileReference; fileEncoding = 4; lastKnownFileType = sourcecode.c.h; path = ASICloudFilesContainer.h; sourceTree = "<group>"; };
		747EC82A1A00DBF60087B269 /* ASICloudFilesContainer.m */ = {isa = PBXFileReference; fileEncoding = 4; lastKnownFileType = sourcecode.c.objc; path = ASICloudFilesContainer.m; sourceTree = "<group>"; };
		747EC82B1A00DBF60087B269 /* ASICloudFilesContainerRequest.h */ = {isa = PBXFileReference; fileEncoding = 4; lastKnownFileType = sourcecode.c.h; path = ASICloudFilesContainerRequest.h; sourceTree = "<group>"; };
		747EC82C1A00DBF60087B269 /* ASICloudFilesContainerRequest.m */ = {isa = PBXFileReference; fileEncoding = 4; lastKnownFileType = sourcecode.c.objc; path = ASICloudFilesContainerRequest.m; sourceTree = "<group>"; };
		747EC82D1A00DBF60087B269 /* ASICloudFilesContainerXMLParserDelegate.h */ = {isa = PBXFileReference; fileEncoding = 4; lastKnownFileType = sourcecode.c.h; path = ASICloudFilesContainerXMLParserDelegate.h; sourceTree = "<group>"; };
		747EC82E1A00DBF60087B269 /* ASICloudFilesContainerXMLParserDelegate.m */ = {isa = PBXFileReference; fileEncoding = 4; lastKnownFileType = sourcecode.c.objc; path = ASICloudFilesContainerXMLParserDelegate.m; sourceTree = "<group>"; };
		747EC82F1A00DBF60087B269 /* ASICloudFilesObject.h */ = {isa = PBXFileReference; fileEncoding = 4; lastKnownFileType = sourcecode.c.h; path = ASICloudFilesObject.h; sourceTree = "<group>"; };
		747EC8301A00DBF60087B269 /* ASICloudFilesObject.m */ = {isa = PBXFileReference; fileEncoding = 4; lastKnownFileType = sourcecode.c.objc; path = ASICloudFilesObject.m; sourceTree = "<group>"; };
		747EC8311A00DBF60087B269 /* ASICloudFilesObjectRequest.h */ = {isa = PBXFileReference; fileEncoding = 4; lastKnownFileType = sourcecode.c.h; path = ASICloudFilesObjectRequest.h; sourceTree = "<group>"; };
		747EC8321A00DBF60087B269 /* ASICloudFilesObjectRequest.m */ = {isa = PBXFileReference; fileEncoding = 4; lastKnownFileType = sourcecode.c.objc; path = ASICloudFilesObjectRequest.m; sourceTree = "<group>"; };
		747EC8331A00DBF60087B269 /* ASICloudFilesRequest.h */ = {isa = PBXFileReference; fileEncoding = 4; lastKnownFileType = sourcecode.c.h; path = ASICloudFilesRequest.h; sourceTree = "<group>"; };
		747EC8341A00DBF60087B269 /* ASICloudFilesRequest.m */ = {isa = PBXFileReference; fileEncoding = 4; lastKnownFileType = sourcecode.c.objc; path = ASICloudFilesRequest.m; sourceTree = "<group>"; };
		747EC8361A00DBF60087B269 /* ASINSXMLParserCompat.h */ = {isa = PBXFileReference; fileEncoding = 4; lastKnownFileType = sourcecode.c.h; path = ASINSXMLParserCompat.h; sourceTree = "<group>"; };
		747EC8371A00DBF60087B269 /* ASIS3Bucket.h */ = {isa = PBXFileReference; fileEncoding = 4; lastKnownFileType = sourcecode.c.h; path = ASIS3Bucket.h; sourceTree = "<group>"; };
		747EC8381A00DBF60087B269 /* ASIS3Bucket.m */ = {isa = PBXFileReference; fileEncoding = 4; lastKnownFileType = sourcecode.c.objc; path = ASIS3Bucket.m; sourceTree = "<group>"; };
		747EC8391A00DBF60087B269 /* ASIS3BucketObject.h */ = {isa = PBXFileReference; fileEncoding = 4; lastKnownFileType = sourcecode.c.h; path = ASIS3BucketObject.h; sourceTree = "<group>"; };
		747EC83A1A00DBF60087B269 /* ASIS3BucketObject.m */ = {isa = PBXFileReference; fileEncoding = 4; lastKnownFileType = sourcecode.c.objc; path = ASIS3BucketObject.m; sourceTree = "<group>"; };
		747EC83B1A00DBF60087B269 /* ASIS3BucketRequest.h */ = {isa = PBXFileReference; fileEncoding = 4; lastKnownFileType = sourcecode.c.h; path = ASIS3BucketRequest.h; sourceTree = "<group>"; };
		747EC83C1A00DBF60087B269 /* ASIS3BucketRequest.m */ = {isa = PBXFileReference; fileEncoding = 4; lastKnownFileType = sourcecode.c.objc; path = ASIS3BucketRequest.m; sourceTree = "<group>"; };
		747EC83D1A00DBF60087B269 /* ASIS3ObjectRequest.h */ = {isa = PBXFileReference; fileEncoding = 4; lastKnownFileType = sourcecode.c.h; path = ASIS3ObjectRequest.h; sourceTree = "<group>"; };
		747EC83E1A00DBF70087B269 /* ASIS3ObjectRequest.m */ = {isa = PBXFileReference; fileEncoding = 4; lastKnownFileType = sourcecode.c.objc; path = ASIS3ObjectRequest.m; sourceTree = "<group>"; };
		747EC83F1A00DBF70087B269 /* ASIS3Request.h */ = {isa = PBXFileReference; fileEncoding = 4; lastKnownFileType = sourcecode.c.h; path = ASIS3Request.h; sourceTree = "<group>"; };
		747EC8401A00DBF70087B269 /* ASIS3Request.m */ = {isa = PBXFileReference; fileEncoding = 4; lastKnownFileType = sourcecode.c.objc; path = ASIS3Request.m; sourceTree = "<group>"; };
		747EC8411A00DBF70087B269 /* ASIS3ServiceRequest.h */ = {isa = PBXFileReference; fileEncoding = 4; lastKnownFileType = sourcecode.c.h; path = ASIS3ServiceRequest.h; sourceTree = "<group>"; };
		747EC8421A00DBF70087B269 /* ASIS3ServiceRequest.m */ = {isa = PBXFileReference; fileEncoding = 4; lastKnownFileType = sourcecode.c.objc; path = ASIS3ServiceRequest.m; sourceTree = "<group>"; };
		747EC85B1A00DD560087B269 /* README-GHUnit */ = {isa = PBXFileReference; fileEncoding = 4; lastKnownFileType = text; path = "README-GHUnit"; sourceTree = "<group>"; };
		747EC85D1A00DD560087B269 /* Reachability.h */ = {isa = PBXFileReference; fileEncoding = 4; lastKnownFileType = sourcecode.c.h; path = Reachability.h; sourceTree = "<group>"; };
		747EC85E1A00DD560087B269 /* Reachability.m */ = {isa = PBXFileReference; fileEncoding = 4; lastKnownFileType = sourcecode.c.objc; path = Reachability.m; sourceTree = "<group>"; };
		747EC8611A00DDD20087B269 /* libxml2.dylib */ = {isa = PBXFileReference; lastKnownFileType = "compiled.mach-o.dylib"; name = libxml2.dylib; path = usr/lib/libxml2.dylib; sourceTree = SDKROOT; };
		747EC8631A00DDFA0087B269 /* libz.dylib */ = {isa = PBXFileReference; lastKnownFileType = "compiled.mach-o.dylib"; name = libz.dylib; path = usr/lib/libz.dylib; sourceTree = SDKROOT; };
		747EC8691A010B2B0087B269 /* XmlParser.h */ = {isa = PBXFileReference; fileEncoding = 4; lastKnownFileType = sourcecode.c.h; path = XmlParser.h; sourceTree = "<group>"; };
		747EC86A1A010B2B0087B269 /* XmlParser.m */ = {isa = PBXFileReference; fileEncoding = 4; lastKnownFileType = sourcecode.c.objc; path = XmlParser.m; sourceTree = "<group>"; };
		747EC87C1A010FAB0087B269 /* Foundation.framework */ = {isa = PBXFileReference; lastKnownFileType = wrapper.framework; name = Foundation.framework; path = System/Library/Frameworks/Foundation.framework; sourceTree = SDKROOT; };
		747EC87E1A0110EF0087B269 /* UIKit.framework */ = {isa = PBXFileReference; lastKnownFileType = wrapper.framework; name = UIKit.framework; path = System/Library/Frameworks/UIKit.framework; sourceTree = SDKROOT; };
		747EC88F1A0111C90087B269 /* CoreData.framework */ = {isa = PBXFileReference; lastKnownFileType = wrapper.framework; name = CoreData.framework; path = System/Library/Frameworks/CoreData.framework; sourceTree = SDKROOT; };
		747EC8D21A0114F70087B269 /* TBXML.m */ = {isa = PBXFileReference; fileEncoding = 4; lastKnownFileType = sourcecode.c.objc; path = TBXML.m; sourceTree = "<group>"; };
		747EC8D31A0114F70087B269 /* TBXML+Compression.m */ = {isa = PBXFileReference; fileEncoding = 4; lastKnownFileType = sourcecode.c.objc; path = "TBXML+Compression.m"; sourceTree = "<group>"; };
		747EC8D41A0114F70087B269 /* TBXML+HTTP.m */ = {isa = PBXFileReference; fileEncoding = 4; lastKnownFileType = sourcecode.c.objc; path = "TBXML+HTTP.m"; sourceTree = "<group>"; };
		747EC8D81A0115020087B269 /* TBXML.h */ = {isa = PBXFileReference; lastKnownFileType = sourcecode.c.h; path = TBXML.h; sourceTree = "<group>"; };
		747EC8D91A0115020087B269 /* TBXML+Compression.h */ = {isa = PBXFileReference; lastKnownFileType = sourcecode.c.h; path = "TBXML+Compression.h"; sourceTree = "<group>"; };
		747EC8DA1A0115020087B269 /* TBXML+HTTP.h */ = {isa = PBXFileReference; lastKnownFileType = sourcecode.c.h; path = "TBXML+HTTP.h"; sourceTree = "<group>"; };
		74AAE2AE1A1B7C7900730759 /* PubComments.h */ = {isa = PBXFileReference; fileEncoding = 4; lastKnownFileType = sourcecode.c.h; name = PubComments.h; path = ViewControl/PubComments.h; sourceTree = "<group>"; };
		74AAE2AF1A1B7C7900730759 /* PubComments.m */ = {isa = PBXFileReference; fileEncoding = 4; lastKnownFileType = sourcecode.c.objc; name = PubComments.m; path = ViewControl/PubComments.m; sourceTree = "<group>"; };
		74B1985D1A0663A700A42963 /* CommentCell.h */ = {isa = PBXFileReference; fileEncoding = 4; lastKnownFileType = sourcecode.c.h; name = CommentCell.h; path = TableCell/CommentCell.h; sourceTree = "<group>"; };
		74B1985E1A0663A700A42963 /* CommentCell.m */ = {isa = PBXFileReference; fileEncoding = 4; lastKnownFileType = sourcecode.c.objc; name = CommentCell.m; path = TableCell/CommentCell.m; sourceTree = "<group>"; };
		74B95DA11A139A3D009BA4D4 /* SearchViewController.h */ = {isa = PBXFileReference; fileEncoding = 4; lastKnownFileType = sourcecode.c.h; name = SearchViewController.h; path = ViewControl/SearchViewController.h; sourceTree = "<group>"; };
		74B95DA21A139A3D009BA4D4 /* SearchViewController.m */ = {isa = PBXFileReference; fileEncoding = 4; lastKnownFileType = sourcecode.c.objc; name = SearchViewController.m; path = ViewControl/SearchViewController.m; sourceTree = "<group>"; };
		74C6475A1A0A581D004F0DD7 /* PostDetails.h */ = {isa = PBXFileReference; fileEncoding = 4; lastKnownFileType = sourcecode.c.h; name = PostDetails.h; path = ViewControl/PostDetails.h; sourceTree = "<group>"; };
		74C6475B1A0A581D004F0DD7 /* PostDetails.m */ = {isa = PBXFileReference; fileEncoding = 4; lastKnownFileType = sourcecode.c.objc; name = PostDetails.m; path = ViewControl/PostDetails.m; sourceTree = "<group>"; };
		74C6475D1A0A5A5A004F0DD7 /* PostMsg.h */ = {isa = PBXFileReference; fileEncoding = 4; lastKnownFileType = sourcecode.c.h; name = PostMsg.h; path = MsgContent/PostMsg.h; sourceTree = "<group>"; };
		74C6475E1A0A5A5A004F0DD7 /* PostMsg.m */ = {isa = PBXFileReference; fileEncoding = 4; lastKnownFileType = sourcecode.c.objc; name = PostMsg.m; path = MsgContent/PostMsg.m; sourceTree = "<group>"; };
		74C647601A0A6110004F0DD7 /* ReportViewControl.h */ = {isa = PBXFileReference; fileEncoding = 4; lastKnownFileType = sourcecode.c.h; name = ReportViewControl.h; path = ViewControl/ReportViewControl.h; sourceTree = "<group>"; };
		74C647611A0A6110004F0DD7 /* ReportViewControl.m */ = {isa = PBXFileReference; fileEncoding = 4; lastKnownFileType = sourcecode.c.objc; name = ReportViewControl.m; path = ViewControl/ReportViewControl.m; sourceTree = "<group>"; };
		74CD83571A10D6FA007B16BD /* QuestionViewControl.h */ = {isa = PBXFileReference; fileEncoding = 4; lastKnownFileType = sourcecode.c.h; name = QuestionViewControl.h; path = ViewControl/QuestionViewControl.h; sourceTree = "<group>"; };
		74CD83581A10D6FA007B16BD /* QuestionViewControl.m */ = {isa = PBXFileReference; fileEncoding = 4; lastKnownFileType = sourcecode.c.objc; name = QuestionViewControl.m; path = ViewControl/QuestionViewControl.m; sourceTree = "<group>"; };
		74CD835D1A10E644007B16BD /* TweetDetailViewControl.h */ = {isa = PBXFileReference; fileEncoding = 4; lastKnownFileType = sourcecode.c.h; name = TweetDetailViewControl.h; path = ViewControl/TweetDetailViewControl.h; sourceTree = "<group>"; };
		74CD835E1A10E644007B16BD /* TweetDetailViewControl.m */ = {isa = PBXFileReference; fileEncoding = 4; lastKnownFileType = sourcecode.c.objc; name = TweetDetailViewControl.m; path = ViewControl/TweetDetailViewControl.m; sourceTree = "<group>"; };
		74D76F1B1A1A15300085D8DD /* Helper.h */ = {isa = PBXFileReference; fileEncoding = 4; lastKnownFileType = sourcecode.c.h; path = Helper.h; sourceTree = "<group>"; };
		74D76F1C1A1A15300085D8DD /* Helper.m */ = {isa = PBXFileReference; fileEncoding = 4; lastKnownFileType = sourcecode.c.objc; path = Helper.m; sourceTree = "<group>"; };
		74D76F1E1A1A1FE20085D8DD /* BlogDetail.h */ = {isa = PBXFileReference; fileEncoding = 4; lastKnownFileType = sourcecode.c.h; name = BlogDetail.h; path = ViewControl/BlogDetail.h; sourceTree = "<group>"; };
		74D76F1F1A1A1FE20085D8DD /* BlogDetail.m */ = {isa = PBXFileReference; fileEncoding = 4; lastKnownFileType = sourcecode.c.objc; name = BlogDetail.m; path = ViewControl/BlogDetail.m; sourceTree = "<group>"; };
		74DF81E31A123ACC00E8BD8F /* audio.html */ = {isa = PBXFileReference; fileEncoding = 4; lastKnownFileType = text.html; path = audio.html; sourceTree = "<group>"; };
		74DF81E51A123B1D00E8BD8F /* jquery-1.7.1.min.js */ = {isa = PBXFileReference; fileEncoding = 4; lastKnownFileType = sourcecode.javascript; path = "jquery-1.7.1.min.js"; sourceTree = "<group>"; };
		74DF81E61A123B1D00E8BD8F /* jquery.js */ = {isa = PBXFileReference; fileEncoding = 4; lastKnownFileType = sourcecode.javascript; path = jquery.js; sourceTree = "<group>"; };
		74E1E4171A01C4F9001BEE9B /* prefix_define.h */ = {isa = PBXFileReference; lastKnownFileType = sourcecode.c.h; path = prefix_define.h; sourceTree = "<group>"; };
		74E8B6111A0F447800CED382 /* MoreViewControl.h */ = {isa = PBXFileReference; fileEncoding = 4; lastKnownFileType = sourcecode.c.h; name = MoreViewControl.h; path = ViewControl/MoreViewControl.h; sourceTree = "<group>"; };
		74E8B6121A0F447800CED382 /* MoreViewControl.m */ = {isa = PBXFileReference; fileEncoding = 4; lastKnownFileType = sourcecode.c.objc; name = MoreViewControl.m; path = ViewControl/MoreViewControl.m; sourceTree = "<group>"; };
		74E8B63B1A0F497800CED382 /* AVFoundation.framework */ = {isa = PBXFileReference; lastKnownFileType = wrapper.framework; name = AVFoundation.framework; path = System/Library/Frameworks/AVFoundation.framework; sourceTree = SDKROOT; };
		74E8B63D1A0F498300CED382 /* CoreMedia.framework */ = {isa = PBXFileReference; lastKnownFileType = wrapper.framework; name = CoreMedia.framework; path = System/Library/Frameworks/CoreMedia.framework; sourceTree = SDKROOT; };
		74E8B63F1A0F498E00CED382 /* CoreVideo.framework */ = {isa = PBXFileReference; lastKnownFileType = wrapper.framework; name = CoreVideo.framework; path = System/Library/Frameworks/CoreVideo.framework; sourceTree = SDKROOT; };
		74E8B6411A0F49A500CED382 /* libiconv.dylib */ = {isa = PBXFileReference; lastKnownFileType = "compiled.mach-o.dylib"; name = libiconv.dylib; path = usr/lib/libiconv.dylib; sourceTree = SDKROOT; };
		74E8B6431A0F49DD00CED382 /* QrcodeViewControl.h */ = {isa = PBXFileReference; fileEncoding = 4; lastKnownFileType = sourcecode.c.h; name = QrcodeViewControl.h; path = ViewControl/QrcodeViewControl.h; sourceTree = "<group>"; };
		74E8B6441A0F49DD00CED382 /* QrcodeViewControl.m */ = {isa = PBXFileReference; fileEncoding = 4; lastKnownFileType = sourcecode.c.objc; name = QrcodeViewControl.m; path = ViewControl/QrcodeViewControl.m; sourceTree = "<group>"; };
		74E91EE81A01196B00087136 /* MsgDetail.h */ = {isa = PBXFileReference; fileEncoding = 4; lastKnownFileType = sourcecode.c.h; name = MsgDetail.h; path = MsgContent/MsgDetail.h; sourceTree = "<group>"; };
		74E91EE91A01196B00087136 /* MsgDetail.m */ = {isa = PBXFileReference; fileEncoding = 4; lastKnownFileType = sourcecode.c.objc; name = MsgDetail.m; path = MsgContent/MsgDetail.m; sourceTree = "<group>"; };
		74E91EED1A011F9400087136 /* MsgCell.h */ = {isa = PBXFileReference; fileEncoding = 4; lastKnownFileType = sourcecode.c.h; name = MsgCell.h; path = TableCell/MsgCell.h; sourceTree = "<group>"; };
		74E91EEE1A011F9400087136 /* MsgCell.m */ = {isa = PBXFileReference; fileEncoding = 4; lastKnownFileType = sourcecode.c.objc; name = MsgCell.m; path = TableCell/MsgCell.m; sourceTree = "<group>"; };
		74EFB7E11A02682400358F0D /* NewDetail.h */ = {isa = PBXFileReference; fileEncoding = 4; lastKnownFileType = sourcecode.c.h; name = NewDetail.h; path = ViewControl/NewDetail.h; sourceTree = "<group>"; };
		74EFB7E21A02682400358F0D /* NewDetail.m */ = {isa = PBXFileReference; fileEncoding = 4; lastKnownFileType = sourcecode.c.objc; name = NewDetail.m; path = ViewControl/NewDetail.m; sourceTree = "<group>"; };
		74EFB7E41A026C4F00358F0D /* NewDetailsControl.h */ = {isa = PBXFileReference; fileEncoding = 4; lastKnownFileType = sourcecode.c.h; name = NewDetailsControl.h; path = ViewControl/NewDetailsControl.h; sourceTree = "<group>"; };
		74EFB7E51A026C4F00358F0D /* NewDetailsControl.m */ = {isa = PBXFileReference; fileEncoding = 4; lastKnownFileType = sourcecode.c.objc; name = NewDetailsControl.m; path = ViewControl/NewDetailsControl.m; sourceTree = "<group>"; };
		74F658D21A0320660011A664 /* CommentsDetail.h */ = {isa = PBXFileReference; fileEncoding = 4; lastKnownFileType = sourcecode.c.h; name = CommentsDetail.h; path = ViewControl/CommentsDetail.h; sourceTree = "<group>"; };
		74F658D31A0320660011A664 /* CommentsDetail.m */ = {isa = PBXFileReference; fileEncoding = 4; lastKnownFileType = sourcecode.c.objc; name = CommentsDetail.m; path = ViewControl/CommentsDetail.m; sourceTree = "<group>"; };
		74F658D51A0321670011A664 /* ShareDetail.h */ = {isa = PBXFileReference; fileEncoding = 4; lastKnownFileType = sourcecode.c.h; path = ShareDetail.h; sourceTree = "<group>"; };
		74F658D61A0321670011A664 /* ShareDetail.m */ = {isa = PBXFileReference; fileEncoding = 4; lastKnownFileType = sourcecode.c.objc; path = ShareDetail.m; sourceTree = "<group>"; };
		74F658D81A0322130011A664 /* detail@2x.png */ = {isa = PBXFileReference; lastKnownFileType = image.png; path = "detail@2x.png"; sourceTree = "<group>"; };
		74F658DA1A0322570011A664 /* share@2x.png */ = {isa = PBXFileReference; lastKnownFileType = image.png; path = "share@2x.png"; sourceTree = "<group>"; };
		74F658DC1A03228A0011A664 /* commentlist@2x.png */ = {isa = PBXFileReference; lastKnownFileType = image.png; path = "commentlist@2x.png"; sourceTree = "<group>"; };
		74F658DE1A032E2A0011A664 /* SingleNews.h */ = {isa = PBXFileReference; fileEncoding = 4; lastKnownFileType = sourcecode.c.h; name = SingleNews.h; path = MsgContent/SingleNews.h; sourceTree = "<group>"; };
		74F658DF1A032E2A0011A664 /* SingleNews.m */ = {isa = PBXFileReference; fileEncoding = 4; lastKnownFileType = sourcecode.c.objc; name = SingleNews.m; path = MsgContent/SingleNews.m; sourceTree = "<group>"; };
		74F658E11A0356030011A664 /* BlogDetails.h */ = {isa = PBXFileReference; fileEncoding = 4; lastKnownFileType = sourcecode.c.h; name = BlogDetails.h; path = MsgContent/BlogDetails.h; sourceTree = "<group>"; };
		74F658E21A0356030011A664 /* BlogDetails.m */ = {isa = PBXFileReference; fileEncoding = 4; lastKnownFileType = sourcecode.c.objc; name = BlogDetails.m; path = MsgContent/BlogDetails.m; sourceTree = "<group>"; };
		74FF0B021A074CED00239B09 /* big_avatar_loading.png */ = {isa = PBXFileReference; lastKnownFileType = image.png; path = big_avatar_loading.png; sourceTree = "<group>"; };
		74FF0B041A07BCCF00239B09 /* ReplyCiewControl.h */ = {isa = PBXFileReference; fileEncoding = 4; lastKnownFileType = sourcecode.c.h; name = ReplyCiewControl.h; path = ViewControl/ReplyCiewControl.h; sourceTree = "<group>"; };
		74FF0B051A07BCCF00239B09 /* ReplyCiewControl.m */ = {isa = PBXFileReference; fileEncoding = 4; lastKnownFileType = sourcecode.c.objc; name = ReplyCiewControl.m; path = ViewControl/ReplyCiewControl.m; sourceTree = "<group>"; };
/* End PBXFileReference section */

/* Begin PBXFrameworksBuildPhase section */
		747EC7901A00B2870087B269 /* Frameworks */ = {
			isa = PBXFrameworksBuildPhase;
			buildActionMask = 2147483647;
			files = (
				74E8B6421A0F49A500CED382 /* libiconv.dylib in Frameworks */,
				747EC80D1A00DA180087B269 /* QuartzCore.framework in Frameworks */,
				74E8B6401A0F498E00CED382 /* CoreVideo.framework in Frameworks */,
				74E8B63E1A0F498300CED382 /* CoreMedia.framework in Frameworks */,
				74E8B63C1A0F497800CED382 /* AVFoundation.framework in Frameworks */,
				747EC8901A0111C90087B269 /* CoreData.framework in Frameworks */,
				747EC87F1A0110EF0087B269 /* UIKit.framework in Frameworks */,
				747EC87D1A010FAB0087B269 /* Foundation.framework in Frameworks */,
				747EC8641A00DDFA0087B269 /* libz.dylib in Frameworks */,
				747EC8621A00DDD20087B269 /* libxml2.dylib in Frameworks */,
			);
			runOnlyForDeploymentPostprocessing = 0;
		};
		747EC7A91A00B2870087B269 /* Frameworks */ = {
			isa = PBXFrameworksBuildPhase;
			buildActionMask = 2147483647;
			files = (
			);
			runOnlyForDeploymentPostprocessing = 0;
		};
/* End PBXFrameworksBuildPhase section */

/* Begin PBXGroup section */
		744844B51A08980300FAC42E /* ImageDownloader */ = {
			isa = PBXGroup;
			children = (
				744844B61A08983A00FAC42E /* AsyncImageView.h */,
				744844B71A08983A00FAC42E /* AsyncImageView.m */,
			);
			name = ImageDownloader;
			sourceTree = "<group>";
		};
		745A48CC1A08FA9400957748 /* RefreshTableHeaderView */ = {
			isa = PBXGroup;
			children = (
				745A48CD1A08FAC100957748 /* RefreshTableHeaderView.h */,
				745A48CE1A08FAC100957748 /* RefreshTableHeaderView.m */,
			);
			name = RefreshTableHeaderView;
			sourceTree = "<group>";
		};
		747EC78A1A00B2870087B269 = {
			isa = PBXGroup;
			children = (
				74E8B6411A0F49A500CED382 /* libiconv.dylib */,
				74E8B63F1A0F498E00CED382 /* CoreVideo.framework */,
				74E8B63D1A0F498300CED382 /* CoreMedia.framework */,
				74E8B63B1A0F497800CED382 /* AVFoundation.framework */,
				747EC88F1A0111C90087B269 /* CoreData.framework */,
				747EC87E1A0110EF0087B269 /* UIKit.framework */,
				747EC87C1A010FAB0087B269 /* Foundation.framework */,
				747EC8631A00DDFA0087B269 /* libz.dylib */,
				747EC8611A00DDD20087B269 /* libxml2.dylib */,
				747EC80C1A00DA180087B269 /* QuartzCore.framework */,
				747EC7BC1A00B8AF0087B269 /* image */,
				747EC7951A00B2870087B269 /* my-oschina */,
				747EC7AF1A00B2870087B269 /* my-oschinaTests */,
				747EC7941A00B2870087B269 /* Products */,
			);
			sourceTree = "<group>";
		};
		747EC7941A00B2870087B269 /* Products */ = {
			isa = PBXGroup;
			children = (
				747EC7931A00B2870087B269 /* my-oschina.app */,
				747EC7AC1A00B2870087B269 /* my-oschinaTests.xctest */,
			);
			name = Products;
			sourceTree = "<group>";
		};
		747EC7951A00B2870087B269 /* my-oschina */ = {
			isa = PBXGroup;
			children = (
				74D76F1A1A1A150F0085D8DD /* Until */,
				745A48CC1A08FA9400957748 /* RefreshTableHeaderView */,
				744844B51A08980300FAC42E /* ImageDownloader */,
				742597C71A03A5E20046300A /* Images.xcassets */,
				74E1E4171A01C4F9001BEE9B /* prefix_define.h */,
				74E91EEB1A011F5C00087136 /* TabelCell */,
				74E91EE71A01163000087136 /* MsgContent */,
				747EC8801A01114E0087B269 /* TBXML */,
				747EC8651A0109EB0087B269 /* XmlParser */,
				747EC8591A00DD560087B269 /* External */,
				747EC80E1A00DBF60087B269 /* Classes */,
				747EC7FB1A00D0000087B269 /* Resource */,
				747EC7EE1A00CFE50087B269 /* PullView */,
				747EC7C71A00BAD90087B269 /* ViewControl */,
				747EC79A1A00B2870087B269 /* AppDelegate.h */,
				747EC79B1A00B2870087B269 /* AppDelegate.m */,
				747EC79D1A00B2870087B269 /* ViewController.h */,
				747EC79E1A00B2870087B269 /* ViewController.m */,
				747EC7A01A00B2870087B269 /* Main.storyboard */,
				747EC7A31A00B2870087B269 /* Images.xcassets */,
				747EC7A51A00B2870087B269 /* LaunchScreen.xib */,
				747EC7961A00B2870087B269 /* Supporting Files */,
				7476B7051A177E2400B4FE5F /* CustomProtocol.h */,
			);
			path = "my-oschina";
			sourceTree = "<group>";
		};
		747EC7961A00B2870087B269 /* Supporting Files */ = {
			isa = PBXGroup;
			children = (
				747EC7971A00B2870087B269 /* Info.plist */,
				747EC7981A00B2870087B269 /* main.m */,
			);
			name = "Supporting Files";
			sourceTree = "<group>";
		};
		747EC7AF1A00B2870087B269 /* my-oschinaTests */ = {
			isa = PBXGroup;
			children = (
				747EC7B21A00B2870087B269 /* my_oschinaTests.m */,
				747EC7B01A00B2870087B269 /* Supporting Files */,
			);
			path = "my-oschinaTests";
			sourceTree = "<group>";
		};
		747EC7B01A00B2870087B269 /* Supporting Files */ = {
			isa = PBXGroup;
			children = (
				747EC7B11A00B2870087B269 /* Info.plist */,
			);
			name = "Supporting Files";
			sourceTree = "<group>";
		};
		747EC7BC1A00B8AF0087B269 /* image */ = {
			isa = PBXGroup;
			children = (
				7476B7091A17852800B4FE5F /* searchWhite@2x 2.png */,
				7476B70A1A17852800B4FE5F /* searchWhite@2x.png */,
				74DF81E31A123ACC00E8BD8F /* audio.html */,
				74DF81E51A123B1D00E8BD8F /* jquery-1.7.1.min.js */,
				74DF81E61A123B1D00E8BD8F /* jquery.js */,
				743F2FD91A0BC248002D020A /* comment.png */,
				74FF0B021A074CED00239B09 /* big_avatar_loading.png */,
				744844B91A089CD000FAC42E /* share_sina.png */,
				744844BA1A089CD000FAC42E /* share_tencent.png */,
				744844BB1A089CD000FAC42E /* share_weixin.png */,
				744844BC1A089CD000FAC42E /* share_weixinFriend.png */,
				74F658DC1A03228A0011A664 /* commentlist@2x.png */,
				74F658DA1A0322570011A664 /* share@2x.png */,
				74F658D81A0322130011A664 /* detail@2x.png */,
				747EC7E61A00C90F0087B269 /* rating@2x.png */,
				747EC7E41A00C8C60087B269 /* setting@2x.png */,
				747EC7E21A00C89F0087B269 /* logo@2x.png */,
				747EC7E01A00C8840087B269 /* weibo@2x.png */,
				747EC7DE1A00C8450087B269 /* feedback@2x.png */,
				747EC7DC1A00C8070087B269 /* search@2x.png */,
				747EC7DA1A00C7D60087B269 /* software@2x.png */,
				747EC7D81A00C6E30087B269 /* exit@2x.png */,
				747EC7D61A00C6910087B269 /* scan@2x.png */,
				747EC7D41A00C5E60087B269 /* account@2x.png */,
				747EC7D21A00C1B60087B269 /* microcomment.png */,
				747EC7D01A00C0F10087B269 /* questionBlue@2x.png */,
				747EC7CB1A00BF560087B269 /* searchBlue@2x.png */,
				747EC7C51A00B9B30087B269 /* active@2x.png */,
				747EC7C31A00B9190087B269 /* tweet@2x.png */,
				747EC7C11A00B9020087B269 /* more@2x.png */,
				747EC7BF1A00B8F50087B269 /* info@2x.png */,
				747EC7BD1A00B8D90087B269 /* answer@2x.png */,
			);
			name = image;
			sourceTree = "<group>";
		};
		747EC7C71A00BAD90087B269 /* ViewControl */ = {
			isa = PBXGroup;
			children = (
				747EC7C81A00BB300087B269 /* InfoViewControl.h */,
				747EC7C91A00BB300087B269 /* InfoViewControl.m */,
				74EFB7E11A02682400358F0D /* NewDetail.h */,
				74EFB7E21A02682400358F0D /* NewDetail.m */,
				74EFB7E41A026C4F00358F0D /* NewDetailsControl.h */,
				74EFB7E51A026C4F00358F0D /* NewDetailsControl.m */,
				74F658D21A0320660011A664 /* CommentsDetail.h */,
				74F658D31A0320660011A664 /* CommentsDetail.m */,
				74F658D51A0321670011A664 /* ShareDetail.h */,
				74F658D61A0321670011A664 /* ShareDetail.m */,
				74FF0B041A07BCCF00239B09 /* ReplyCiewControl.h */,
				74FF0B051A07BCCF00239B09 /* ReplyCiewControl.m */,
				74C6475A1A0A581D004F0DD7 /* PostDetails.h */,
				74C6475B1A0A581D004F0DD7 /* PostDetails.m */,
				74C647601A0A6110004F0DD7 /* ReportViewControl.h */,
				74C647611A0A6110004F0DD7 /* ReportViewControl.m */,
				746B620C1A0A665000A1C9BE /* TweetViewControl.h */,
				746B620D1A0A665000A1C9BE /* TweetViewControl.m */,
				740CBF4E1A0CF2C000456AE7 /* OwnViewControl.h */,
				740CBF4F1A0CF2C000456AE7 /* OwnViewControl.m */,
				740CBF511A0CF74C00456AE7 /* LoginViewControl.h */,
				740CBF521A0CF74C00456AE7 /* LoginViewControl.m */,
				74E8B6111A0F447800CED382 /* MoreViewControl.h */,
				74E8B6121A0F447800CED382 /* MoreViewControl.m */,
				74E8B6431A0F49DD00CED382 /* QrcodeViewControl.h */,
				74E8B6441A0F49DD00CED382 /* QrcodeViewControl.m */,
				74CD83571A10D6FA007B16BD /* QuestionViewControl.h */,
				74CD83581A10D6FA007B16BD /* QuestionViewControl.m */,
				74CD835D1A10E644007B16BD /* TweetDetailViewControl.h */,
				74CD835E1A10E644007B16BD /* TweetDetailViewControl.m */,
				74B95DA11A139A3D009BA4D4 /* SearchViewController.h */,
				74B95DA21A139A3D009BA4D4 /* SearchViewController.m */,
				7476B7061A177F0400B4FE5F /* MyUITabBarControl.h */,
				7476B7071A177F0400B4FE5F /* MyUITabBarControl.m */,
				74D76F1E1A1A1FE20085D8DD /* BlogDetail.h */,
				74D76F1F1A1A1FE20085D8DD /* BlogDetail.m */,
				74501B361A1A29DC00DAA253 /* SoftDetail.h */,
				74501B371A1A29DC00DAA253 /* SoftDetail.m */,
				74AAE2AE1A1B7C7900730759 /* PubComments.h */,
				74AAE2AF1A1B7C7900730759 /* PubComments.m */,
			);
			name = ViewControl;
			sourceTree = "<group>";
		};
		747EC7EE1A00CFE50087B269 /* PullView */ = {
			isa = PBXGroup;
			children = (
				747EC7EF1A00CFF70087B269 /* EGORefreshTableHeaderView.h */,
				747EC7F01A00CFF70087B269 /* EGORefreshTableHeaderView.m */,
				747EC7F11A00CFF70087B269 /* LoadMoreTableFooterView.h */,
				747EC7F21A00CFF70087B269 /* LoadMoreTableFooterView.m */,
				747EC7F31A00CFF70087B269 /* MessageInterceptor.h */,
				747EC7F41A00CFF70087B269 /* MessageInterceptor.m */,
				747EC7F51A00CFF70087B269 /* PullTableView.h */,
				747EC7F61A00CFF70087B269 /* PullTableView.m */,
			);
			name = PullView;
			sourceTree = "<group>";
		};
		747EC7FB1A00D0000087B269 /* Resource */ = {
			isa = PBXGroup;
			children = (
				747EC7FC1A00D0110087B269 /* blackArrow.png */,
				747EC7FD1A00D0110087B269 /* blackArrow@2x.png */,
				747EC7FE1A00D0110087B269 /* blueArrow.png */,
				747EC7FF1A00D0110087B269 /* blueArrow@2x.png */,
				747EC8001A00D0110087B269 /* grayArrow.png */,
				747EC8011A00D0110087B269 /* grayArrow@2x.png */,
				747EC8021A00D0110087B269 /* whiteArrow.png */,
				747EC8031A00D0110087B269 /* whiteArrow@2x.png */,
			);
			name = Resource;
			sourceTree = "<group>";
		};
		747EC80E1A00DBF60087B269 /* Classes */ = {
			isa = PBXGroup;
			children = (
				747EC80F1A00DBF60087B269 /* ASIAuthenticationDialog.h */,
				747EC8101A00DBF60087B269 /* ASIAuthenticationDialog.m */,
				747EC8111A00DBF60087B269 /* ASICacheDelegate.h */,
				747EC8121A00DBF60087B269 /* ASIDataCompressor.h */,
				747EC8131A00DBF60087B269 /* ASIDataCompressor.m */,
				747EC8141A00DBF60087B269 /* ASIDataDecompressor.h */,
				747EC8151A00DBF60087B269 /* ASIDataDecompressor.m */,
				747EC8161A00DBF60087B269 /* ASIDownloadCache.h */,
				747EC8171A00DBF60087B269 /* ASIDownloadCache.m */,
				747EC8181A00DBF60087B269 /* ASIFormDataRequest.h */,
				747EC8191A00DBF60087B269 /* ASIFormDataRequest.m */,
				747EC81A1A00DBF60087B269 /* ASIHTTPRequest.h */,
				747EC81B1A00DBF60087B269 /* ASIHTTPRequest.m */,
				747EC81C1A00DBF60087B269 /* ASIHTTPRequestConfig.h */,
				747EC81D1A00DBF60087B269 /* ASIHTTPRequestDelegate.h */,
				747EC81E1A00DBF60087B269 /* ASIInputStream.h */,
				747EC81F1A00DBF60087B269 /* ASIInputStream.m */,
				747EC8201A00DBF60087B269 /* ASINetworkQueue.h */,
				747EC8211A00DBF60087B269 /* ASINetworkQueue.m */,
				747EC8221A00DBF60087B269 /* ASIProgressDelegate.h */,
				747EC8231A00DBF60087B269 /* ASIWebPageRequest */,
				747EC8261A00DBF60087B269 /* CloudFiles */,
				747EC8351A00DBF60087B269 /* S3 */,
			);
			path = Classes;
			sourceTree = "<group>";
		};
		747EC8231A00DBF60087B269 /* ASIWebPageRequest */ = {
			isa = PBXGroup;
			children = (
				747EC8241A00DBF60087B269 /* ASIWebPageRequest.h */,
				747EC8251A00DBF60087B269 /* ASIWebPageRequest.m */,
			);
			path = ASIWebPageRequest;
			sourceTree = "<group>";
		};
		747EC8261A00DBF60087B269 /* CloudFiles */ = {
			isa = PBXGroup;
			children = (
				747EC8271A00DBF60087B269 /* ASICloudFilesCDNRequest.h */,
				747EC8281A00DBF60087B269 /* ASICloudFilesCDNRequest.m */,
				747EC8291A00DBF60087B269 /* ASICloudFilesContainer.h */,
				747EC82A1A00DBF60087B269 /* ASICloudFilesContainer.m */,
				747EC82B1A00DBF60087B269 /* ASICloudFilesContainerRequest.h */,
				747EC82C1A00DBF60087B269 /* ASICloudFilesContainerRequest.m */,
				747EC82D1A00DBF60087B269 /* ASICloudFilesContainerXMLParserDelegate.h */,
				747EC82E1A00DBF60087B269 /* ASICloudFilesContainerXMLParserDelegate.m */,
				747EC82F1A00DBF60087B269 /* ASICloudFilesObject.h */,
				747EC8301A00DBF60087B269 /* ASICloudFilesObject.m */,
				747EC8311A00DBF60087B269 /* ASICloudFilesObjectRequest.h */,
				747EC8321A00DBF60087B269 /* ASICloudFilesObjectRequest.m */,
				747EC8331A00DBF60087B269 /* ASICloudFilesRequest.h */,
				747EC8341A00DBF60087B269 /* ASICloudFilesRequest.m */,
			);
			path = CloudFiles;
			sourceTree = "<group>";
		};
		747EC8351A00DBF60087B269 /* S3 */ = {
			isa = PBXGroup;
			children = (
				747EC8361A00DBF60087B269 /* ASINSXMLParserCompat.h */,
				747EC8371A00DBF60087B269 /* ASIS3Bucket.h */,
				747EC8381A00DBF60087B269 /* ASIS3Bucket.m */,
				747EC8391A00DBF60087B269 /* ASIS3BucketObject.h */,
				747EC83A1A00DBF60087B269 /* ASIS3BucketObject.m */,
				747EC83B1A00DBF60087B269 /* ASIS3BucketRequest.h */,
				747EC83C1A00DBF60087B269 /* ASIS3BucketRequest.m */,
				747EC83D1A00DBF60087B269 /* ASIS3ObjectRequest.h */,
				747EC83E1A00DBF70087B269 /* ASIS3ObjectRequest.m */,
				747EC83F1A00DBF70087B269 /* ASIS3Request.h */,
				747EC8401A00DBF70087B269 /* ASIS3Request.m */,
				747EC8411A00DBF70087B269 /* ASIS3ServiceRequest.h */,
				747EC8421A00DBF70087B269 /* ASIS3ServiceRequest.m */,
			);
			path = S3;
			sourceTree = "<group>";
		};
		747EC8591A00DD560087B269 /* External */ = {
			isa = PBXGroup;
			children = (
				747EC85A1A00DD560087B269 /* GHUnit */,
				747EC85C1A00DD560087B269 /* Reachability */,
			);
			path = External;
			sourceTree = "<group>";
		};
		747EC85A1A00DD560087B269 /* GHUnit */ = {
			isa = PBXGroup;
			children = (
				747EC85B1A00DD560087B269 /* README-GHUnit */,
			);
			path = GHUnit;
			sourceTree = "<group>";
		};
		747EC85C1A00DD560087B269 /* Reachability */ = {
			isa = PBXGroup;
			children = (
				747EC85D1A00DD560087B269 /* Reachability.h */,
				747EC85E1A00DD560087B269 /* Reachability.m */,
			);
			path = Reachability;
			sourceTree = "<group>";
		};
		747EC8651A0109EB0087B269 /* XmlParser */ = {
			isa = PBXGroup;
			children = (
				747EC8691A010B2B0087B269 /* XmlParser.h */,
				747EC86A1A010B2B0087B269 /* XmlParser.m */,
			);
			name = XmlParser;
			sourceTree = "<group>";
		};
		747EC8801A01114E0087B269 /* TBXML */ = {
			isa = PBXGroup;
			children = (
				747EC8D81A0115020087B269 /* TBXML.h */,
				747EC8D91A0115020087B269 /* TBXML+Compression.h */,
				747EC8DA1A0115020087B269 /* TBXML+HTTP.h */,
				747EC8D21A0114F70087B269 /* TBXML.m */,
				747EC8D31A0114F70087B269 /* TBXML+Compression.m */,
				747EC8D41A0114F70087B269 /* TBXML+HTTP.m */,
			);
			name = TBXML;
			sourceTree = "<group>";
		};
		74D76F1A1A1A150F0085D8DD /* Until */ = {
			isa = PBXGroup;
			children = (
				74D76F1B1A1A15300085D8DD /* Helper.h */,
				74D76F1C1A1A15300085D8DD /* Helper.m */,
			);
			name = Until;
			sourceTree = "<group>";
		};
		74E91EE71A01163000087136 /* MsgContent */ = {
			isa = PBXGroup;
			children = (
				74E91EE81A01196B00087136 /* MsgDetail.h */,
				74E91EE91A01196B00087136 /* MsgDetail.m */,
				74F658DE1A032E2A0011A664 /* SingleNews.h */,
				74F658DF1A032E2A0011A664 /* SingleNews.m */,
				74F658E11A0356030011A664 /* BlogDetails.h */,
				74F658E21A0356030011A664 /* BlogDetails.m */,
				742597C91A03BA670046300A /* CommentMsgDetails.h */,
				742597CA1A03BA670046300A /* CommentMsgDetails.m */,
				745A48D61A090E7E00957748 /* QuestionMsg.h */,
				745A48D71A090E7E00957748 /* QuestionMsg.m */,
				74C6475D1A0A5A5A004F0DD7 /* PostMsg.h */,
				74C6475E1A0A5A5A004F0DD7 /* PostMsg.m */,
				743F2FD31A0BAEFE002D020A /* TweetMsg.h */,
				743F2FD41A0BAEFE002D020A /* TweetMsg.m */,
				740CBF541A0DCF6800456AE7 /* UserData.h */,
				740CBF551A0DCF6800456AE7 /* UserData.m */,
				740CBF571A0E2E7200456AE7 /* OwnMsg.h */,
				740CBF581A0E2E7200456AE7 /* OwnMsg.m */,
				7476B68F1A162C0200B4FE5F /* ResultMsg.h */,
				7476B6901A162C0200B4FE5F /* ResultMsg.m */,
			);
			name = MsgContent;
			sourceTree = "<group>";
		};
		74E91EEB1A011F5C00087136 /* TabelCell */ = {
			isa = PBXGroup;
			children = (
				74E91EED1A011F9400087136 /* MsgCell.h */,
				74E91EEE1A011F9400087136 /* MsgCell.m */,
				74B1985D1A0663A700A42963 /* CommentCell.h */,
				74B1985E1A0663A700A42963 /* CommentCell.m */,
				7438FF921A09B501009481FA /* QuestionCell.h */,
				7438FF931A09B501009481FA /* QuestionCell.m */,
				743F2FD61A0BB5A8002D020A /* TweetCell.h */,
				743F2FD71A0BB5A8002D020A /* TweetCell.m */,
				740CBF5A1A0E362800456AE7 /* OwnCell.h */,
				740CBF5B1A0E362800456AE7 /* OwnCell.m */,
			);
			name = TabelCell;
			sourceTree = "<group>";
		};
/* End PBXGroup section */

/* Begin PBXNativeTarget section */
		747EC7921A00B2870087B269 /* my-oschina */ = {
			isa = PBXNativeTarget;
			buildConfigurationList = 747EC7B61A00B2870087B269 /* Build configuration list for PBXNativeTarget "my-oschina" */;
			buildPhases = (
				747EC78F1A00B2870087B269 /* Sources */,
				747EC7901A00B2870087B269 /* Frameworks */,
				747EC7911A00B2870087B269 /* Resources */,
			);
			buildRules = (
			);
			dependencies = (
			);
			name = "my-oschina";
			productName = "my-oschina";
			productReference = 747EC7931A00B2870087B269 /* my-oschina.app */;
			productType = "com.apple.product-type.application";
		};
		747EC7AB1A00B2870087B269 /* my-oschinaTests */ = {
			isa = PBXNativeTarget;
			buildConfigurationList = 747EC7B91A00B2870087B269 /* Build configuration list for PBXNativeTarget "my-oschinaTests" */;
			buildPhases = (
				747EC7A81A00B2870087B269 /* Sources */,
				747EC7A91A00B2870087B269 /* Frameworks */,
				747EC7AA1A00B2870087B269 /* Resources */,
			);
			buildRules = (
			);
			dependencies = (
				747EC7AE1A00B2870087B269 /* PBXTargetDependency */,
			);
			name = "my-oschinaTests";
			productName = "my-oschinaTests";
			productReference = 747EC7AC1A00B2870087B269 /* my-oschinaTests.xctest */;
			productType = "com.apple.product-type.bundle.unit-test";
		};
/* End PBXNativeTarget section */

/* Begin PBXProject section */
		747EC78B1A00B2870087B269 /* Project object */ = {
			isa = PBXProject;
			attributes = {
				LastUpgradeCheck = 0610;
				ORGANIZATIONNAME = jjx;
				TargetAttributes = {
					747EC7921A00B2870087B269 = {
						CreatedOnToolsVersion = 6.1;
					};
					747EC7AB1A00B2870087B269 = {
						CreatedOnToolsVersion = 6.1;
						TestTargetID = 747EC7921A00B2870087B269;
					};
				};
			};
			buildConfigurationList = 747EC78E1A00B2870087B269 /* Build configuration list for PBXProject "my-oschina" */;
			compatibilityVersion = "Xcode 3.2";
			developmentRegion = English;
			hasScannedForEncodings = 0;
			knownRegions = (
				en,
				Base,
			);
			mainGroup = 747EC78A1A00B2870087B269;
			productRefGroup = 747EC7941A00B2870087B269 /* Products */;
			projectDirPath = "";
			projectRoot = "";
			targets = (
				747EC7921A00B2870087B269 /* my-oschina */,
				747EC7AB1A00B2870087B269 /* my-oschinaTests */,
			);
		};
/* End PBXProject section */

/* Begin PBXResourcesBuildPhase section */
		747EC7911A00B2870087B269 /* Resources */ = {
			isa = PBXResourcesBuildPhase;
			buildActionMask = 2147483647;
			files = (
				747EC7DD1A00C8070087B269 /* search@2x.png in Resources */,
				747EC8041A00D0110087B269 /* blackArrow.png in Resources */,
				747EC7A21A00B2870087B269 /* Main.storyboard in Resources */,
				747EC8061A00D0110087B269 /* blueArrow.png in Resources */,
				747EC7A71A00B2870087B269 /* LaunchScreen.xib in Resources */,
				74F658D91A0322130011A664 /* detail@2x.png in Resources */,
				747EC85F1A00DD560087B269 /* README-GHUnit in Resources */,
				747EC7D71A00C6910087B269 /* scan@2x.png in Resources */,
				747EC8081A00D0110087B269 /* grayArrow.png in Resources */,
				747EC7D31A00C1B60087B269 /* microcomment.png in Resources */,
				744844BD1A089CD000FAC42E /* share_sina.png in Resources */,
				747EC8071A00D0110087B269 /* blueArrow@2x.png in Resources */,
				7476B70C1A17852800B4FE5F /* searchWhite@2x.png in Resources */,
				742597C81A03A5E20046300A /* Images.xcassets in Resources */,
				747EC7C01A00B8F50087B269 /* info@2x.png in Resources */,
				747EC7E71A00C90F0087B269 /* rating@2x.png in Resources */,
				74F658DD1A03228A0011A664 /* commentlist@2x.png in Resources */,
				747EC7DF1A00C8450087B269 /* feedback@2x.png in Resources */,
				743F2FDA1A0BC248002D020A /* comment.png in Resources */,
				747EC8091A00D0110087B269 /* grayArrow@2x.png in Resources */,
				747EC8051A00D0110087B269 /* blackArrow@2x.png in Resources */,
				744844BF1A089CD000FAC42E /* share_weixin.png in Resources */,
				74DF81E81A123B1D00E8BD8F /* jquery.js in Resources */,
				747EC7E11A00C8840087B269 /* weibo@2x.png in Resources */,
				744844BE1A089CD000FAC42E /* share_tencent.png in Resources */,
				747EC80B1A00D0110087B269 /* whiteArrow@2x.png in Resources */,
				747EC7D51A00C5E60087B269 /* account@2x.png in Resources */,
				747EC7E51A00C8C60087B269 /* setting@2x.png in Resources */,
				747EC80A1A00D0110087B269 /* whiteArrow.png in Resources */,
				747EC7C21A00B9020087B269 /* more@2x.png in Resources */,
				74DF81E41A123ACC00E8BD8F /* audio.html in Resources */,
				747EC7CC1A00BF560087B269 /* searchBlue@2x.png in Resources */,
				74FF0B031A074CED00239B09 /* big_avatar_loading.png in Resources */,
				747EC7D91A00C6E30087B269 /* exit@2x.png in Resources */,
				747EC7C41A00B9190087B269 /* tweet@2x.png in Resources */,
				747EC7D11A00C0F10087B269 /* questionBlue@2x.png in Resources */,
				747EC7BE1A00B8D90087B269 /* answer@2x.png in Resources */,
				747EC7C61A00B9B30087B269 /* active@2x.png in Resources */,
				74F658DB1A0322570011A664 /* share@2x.png in Resources */,
				7476B70B1A17852800B4FE5F /* searchWhite@2x 2.png in Resources */,
				747EC7E31A00C89F0087B269 /* logo@2x.png in Resources */,
				744844C01A089CD000FAC42E /* share_weixinFriend.png in Resources */,
				747EC7A41A00B2870087B269 /* Images.xcassets in Resources */,
				74DF81E71A123B1D00E8BD8F /* jquery-1.7.1.min.js in Resources */,
				747EC7DB1A00C7D60087B269 /* software@2x.png in Resources */,
			);
			runOnlyForDeploymentPostprocessing = 0;
		};
		747EC7AA1A00B2870087B269 /* Resources */ = {
			isa = PBXResourcesBuildPhase;
			buildActionMask = 2147483647;
			files = (
			);
			runOnlyForDeploymentPostprocessing = 0;
		};
/* End PBXResourcesBuildPhase section */

/* Begin PBXSourcesBuildPhase section */
		747EC78F1A00B2870087B269 /* Sources */ = {
			isa = PBXSourcesBuildPhase;
			buildActionMask = 2147483647;
			files = (
				74B95DA31A139A3D009BA4D4 /* SearchViewController.m in Sources */,
				747EC7F71A00CFF70087B269 /* EGORefreshTableHeaderView.m in Sources */,
				740CBF501A0CF2C000456AE7 /* OwnViewControl.m in Sources */,
				74CD83591A10D6FA007B16BD /* QuestionViewControl.m in Sources */,
				747EC7CA1A00BB300087B269 /* InfoViewControl.m in Sources */,
				747EC8481A00DBF70087B269 /* ASIHTTPRequest.m in Sources */,
				747EC8561A00DBF70087B269 /* ASIS3ObjectRequest.m in Sources */,
				742597CB1A03BA670046300A /* CommentMsgDetails.m in Sources */,
				743F2FD51A0BAEFE002D020A /* TweetMsg.m in Sources */,
				747EC79F1A00B2870087B269 /* ViewController.m in Sources */,
				74E8B6451A0F49DD00CED382 /* QrcodeViewControl.m in Sources */,
				747EC8491A00DBF70087B269 /* ASIInputStream.m in Sources */,
				744844B81A08983A00FAC42E /* AsyncImageView.m in Sources */,
				747EC84D1A00DBF70087B269 /* ASICloudFilesContainer.m in Sources */,
				747EC8511A00DBF70087B269 /* ASICloudFilesObjectRequest.m in Sources */,
				747EC84C1A00DBF70087B269 /* ASICloudFilesCDNRequest.m in Sources */,
				747EC84E1A00DBF70087B269 /* ASICloudFilesContainerRequest.m in Sources */,
				747EC7F91A00CFF70087B269 /* MessageInterceptor.m in Sources */,
				745A48D81A090E7E00957748 /* QuestionMsg.m in Sources */,
				74E91EEF1A011F9400087136 /* MsgCell.m in Sources */,
				74C6475F1A0A5A5A004F0DD7 /* PostMsg.m in Sources */,
				74E8B6131A0F447800CED382 /* MoreViewControl.m in Sources */,
				740CBF531A0CF74C00456AE7 /* LoginViewControl.m in Sources */,
				747EC8581A00DBF70087B269 /* ASIS3ServiceRequest.m in Sources */,
				745A48CF1A08FAC100957748 /* RefreshTableHeaderView.m in Sources */,
				747EC8571A00DBF70087B269 /* ASIS3Request.m in Sources */,
				747EC7FA1A00CFF70087B269 /* PullTableView.m in Sources */,
				747EC8531A00DBF70087B269 /* ASIS3Bucket.m in Sources */,
				74B1985F1A0663A700A42963 /* CommentCell.m in Sources */,
				74F658E01A032E2A0011A664 /* SingleNews.m in Sources */,
				746B620E1A0A665000A1C9BE /* TweetViewControl.m in Sources */,
				747EC8451A00DBF70087B269 /* ASIDataDecompressor.m in Sources */,
				74EFB7E31A02682400358F0D /* NewDetail.m in Sources */,
				747EC8471A00DBF70087B269 /* ASIFormDataRequest.m in Sources */,
				740CBF591A0E2E7200456AE7 /* OwnMsg.m in Sources */,
				7476B7081A177F0400B4FE5F /* MyUITabBarControl.m in Sources */,
				747EC79C1A00B2870087B269 /* AppDelegate.m in Sources */,
				74501B381A1A29DC00DAA253 /* SoftDetail.m in Sources */,
				7438FF941A09B501009481FA /* QuestionCell.m in Sources */,
				747EC8431A00DBF70087B269 /* ASIAuthenticationDialog.m in Sources */,
				74C6475C1A0A581D004F0DD7 /* PostDetails.m in Sources */,
				747EC8D61A0114F70087B269 /* TBXML+Compression.m in Sources */,
				74CD835F1A10E644007B16BD /* TweetDetailViewControl.m in Sources */,
				74EFB7E61A026C4F00358F0D /* NewDetailsControl.m in Sources */,
				747EC84F1A00DBF70087B269 /* ASICloudFilesContainerXMLParserDelegate.m in Sources */,
				74E91EEA1A01196B00087136 /* MsgDetail.m in Sources */,
				747EC8441A00DBF70087B269 /* ASIDataCompressor.m in Sources */,
				740CBF5C1A0E362800456AE7 /* OwnCell.m in Sources */,
				747EC84B1A00DBF70087B269 /* ASIWebPageRequest.m in Sources */,
				747EC7F81A00CFF70087B269 /* LoadMoreTableFooterView.m in Sources */,
				747EC86B1A010B2B0087B269 /* XmlParser.m in Sources */,
				74F658D41A0320660011A664 /* CommentsDetail.m in Sources */,
				747EC8D51A0114F70087B269 /* TBXML.m in Sources */,
				74AAE2B01A1B7C7A00730759 /* PubComments.m in Sources */,
				743F2FD81A0BB5A8002D020A /* TweetCell.m in Sources */,
				747EC8551A00DBF70087B269 /* ASIS3BucketRequest.m in Sources */,
				747EC8461A00DBF70087B269 /* ASIDownloadCache.m in Sources */,
				74D76F1D1A1A15300085D8DD /* Helper.m in Sources */,
				747EC8D71A0114F70087B269 /* TBXML+HTTP.m in Sources */,
				747EC8601A00DD560087B269 /* Reachability.m in Sources */,
				747EC84A1A00DBF70087B269 /* ASINetworkQueue.m in Sources */,
				74F658E31A0356030011A664 /* BlogDetails.m in Sources */,
				747EC8501A00DBF70087B269 /* ASICloudFilesObject.m in Sources */,
				7476B6911A162C0200B4FE5F /* ResultMsg.m in Sources */,
				74F658D71A0321670011A664 /* ShareDetail.m in Sources */,
				747EC8521A00DBF70087B269 /* ASICloudFilesRequest.m in Sources */,
				74D76F201A1A1FE20085D8DD /* BlogDetail.m in Sources */,
				747EC8541A00DBF70087B269 /* ASIS3BucketObject.m in Sources */,
				74C647621A0A6110004F0DD7 /* ReportViewControl.m in Sources */,
				74FF0B061A07BCCF00239B09 /* ReplyCiewControl.m in Sources */,
				740CBF561A0DCF6800456AE7 /* UserData.m in Sources */,
				747EC7991A00B2870087B269 /* main.m in Sources */,
			);
			runOnlyForDeploymentPostprocessing = 0;
		};
		747EC7A81A00B2870087B269 /* Sources */ = {
			isa = PBXSourcesBuildPhase;
			buildActionMask = 2147483647;
			files = (
				747EC7B31A00B2870087B269 /* my_oschinaTests.m in Sources */,
			);
			runOnlyForDeploymentPostprocessing = 0;
		};
/* End PBXSourcesBuildPhase section */

/* Begin PBXTargetDependency section */
		747EC7AE1A00B2870087B269 /* PBXTargetDependency */ = {
			isa = PBXTargetDependency;
			target = 747EC7921A00B2870087B269 /* my-oschina */;
			targetProxy = 747EC7AD1A00B2870087B269 /* PBXContainerItemProxy */;
		};
/* End PBXTargetDependency section */

/* Begin PBXVariantGroup section */
		747EC7A01A00B2870087B269 /* Main.storyboard */ = {
			isa = PBXVariantGroup;
			children = (
				747EC7A11A00B2870087B269 /* Base */,
			);
			name = Main.storyboard;
			sourceTree = "<group>";
		};
		747EC7A51A00B2870087B269 /* LaunchScreen.xib */ = {
			isa = PBXVariantGroup;
			children = (
				747EC7A61A00B2870087B269 /* Base */,
			);
			name = LaunchScreen.xib;
			sourceTree = "<group>";
		};
/* End PBXVariantGroup section */

/* Begin XCBuildConfiguration section */
		747EC7B41A00B2870087B269 /* Debug */ = {
			isa = XCBuildConfiguration;
			buildSettings = {
				ALWAYS_SEARCH_USER_PATHS = NO;
				CLANG_CXX_LANGUAGE_STANDARD = "gnu++0x";
				CLANG_CXX_LIBRARY = "libc++";
				CLANG_ENABLE_MODULES = YES;
				CLANG_ENABLE_OBJC_ARC = YES;
				CLANG_WARN_BOOL_CONVERSION = YES;
				CLANG_WARN_CONSTANT_CONVERSION = YES;
				CLANG_WARN_DIRECT_OBJC_ISA_USAGE = YES_ERROR;
				CLANG_WARN_EMPTY_BODY = YES;
				CLANG_WARN_ENUM_CONVERSION = YES;
				CLANG_WARN_INT_CONVERSION = YES;
				CLANG_WARN_OBJC_ROOT_CLASS = YES_ERROR;
				CLANG_WARN_UNREACHABLE_CODE = YES;
				CLANG_WARN__DUPLICATE_METHOD_MATCH = YES;
				"CODE_SIGN_IDENTITY[sdk=iphoneos*]" = "iPhone Developer";
				COPY_PHASE_STRIP = NO;
				ENABLE_STRICT_OBJC_MSGSEND = YES;
				GCC_C_LANGUAGE_STANDARD = gnu99;
				GCC_DYNAMIC_NO_PIC = NO;
				GCC_OPTIMIZATION_LEVEL = 0;
				GCC_PREPROCESSOR_DEFINITIONS = (
					"DEBUG=1",
					"$(inherited)",
				);
				GCC_SYMBOLS_PRIVATE_EXTERN = NO;
				GCC_WARN_64_TO_32_BIT_CONVERSION = YES;
				GCC_WARN_ABOUT_RETURN_TYPE = YES_ERROR;
				GCC_WARN_UNDECLARED_SELECTOR = YES;
				GCC_WARN_UNINITIALIZED_AUTOS = YES_AGGRESSIVE;
				GCC_WARN_UNUSED_FUNCTION = YES;
				GCC_WARN_UNUSED_VARIABLE = YES;
				IPHONEOS_DEPLOYMENT_TARGET = 8.1;
				MTL_ENABLE_DEBUG_INFO = YES;
				ONLY_ACTIVE_ARCH = YES;
				SDKROOT = iphoneos;
			};
			name = Debug;
		};
		747EC7B51A00B2870087B269 /* Release */ = {
			isa = XCBuildConfiguration;
			buildSettings = {
				ALWAYS_SEARCH_USER_PATHS = NO;
				CLANG_CXX_LANGUAGE_STANDARD = "gnu++0x";
				CLANG_CXX_LIBRARY = "libc++";
				CLANG_ENABLE_MODULES = YES;
				CLANG_ENABLE_OBJC_ARC = YES;
				CLANG_WARN_BOOL_CONVERSION = YES;
				CLANG_WARN_CONSTANT_CONVERSION = YES;
				CLANG_WARN_DIRECT_OBJC_ISA_USAGE = YES_ERROR;
				CLANG_WARN_EMPTY_BODY = YES;
				CLANG_WARN_ENUM_CONVERSION = YES;
				CLANG_WARN_INT_CONVERSION = YES;
				CLANG_WARN_OBJC_ROOT_CLASS = YES_ERROR;
				CLANG_WARN_UNREACHABLE_CODE = YES;
				CLANG_WARN__DUPLICATE_METHOD_MATCH = YES;
				"CODE_SIGN_IDENTITY[sdk=iphoneos*]" = "iPhone Developer";
				COPY_PHASE_STRIP = YES;
				ENABLE_NS_ASSERTIONS = NO;
				ENABLE_STRICT_OBJC_MSGSEND = YES;
				GCC_C_LANGUAGE_STANDARD = gnu99;
				GCC_WARN_64_TO_32_BIT_CONVERSION = YES;
				GCC_WARN_ABOUT_RETURN_TYPE = YES_ERROR;
				GCC_WARN_UNDECLARED_SELECTOR = YES;
				GCC_WARN_UNINITIALIZED_AUTOS = YES_AGGRESSIVE;
				GCC_WARN_UNUSED_FUNCTION = YES;
				GCC_WARN_UNUSED_VARIABLE = YES;
				IPHONEOS_DEPLOYMENT_TARGET = 8.1;
				MTL_ENABLE_DEBUG_INFO = NO;
				SDKROOT = iphoneos;
				VALIDATE_PRODUCT = YES;
			};
			name = Release;
		};
		747EC7B71A00B2870087B269 /* Debug */ = {
			isa = XCBuildConfiguration;
			buildSettings = {
				HEADER_SEARCH_PATHS = (
					"$(inherited)",
					/Applications/Xcode.app/Contents/Developer/Toolchains/XcodeDefault.xctoolchain/usr/include,
					/usr/include/libxml2,
				);
				INFOPLIST_FILE = "my-oschina/Info.plist";
				IPHONEOS_DEPLOYMENT_TARGET = 6.0;
				LD_RUNPATH_SEARCH_PATHS = "$(inherited) @executable_path/Frameworks";
				LIBRARY_SEARCH_PATHS = (
					"$(inherited)",
					"$(PROJECT_DIR)/my-oschina/ZBarSDK",
				);
				PRECOMPS_INCLUDE_HEADERS_FROM_BUILT_PRODUCTS_DIR = YES;
				PRODUCT_NAME = "$(TARGET_NAME)";
			};
			name = Debug;
		};
		747EC7B81A00B2870087B269 /* Release */ = {
			isa = XCBuildConfiguration;
			buildSettings = {
				INFOPLIST_FILE = "my-oschina/Info.plist";
				IPHONEOS_DEPLOYMENT_TARGET = 6.0;
				LD_RUNPATH_SEARCH_PATHS = "$(inherited) @executable_path/Frameworks";
				LIBRARY_SEARCH_PATHS = (
					"$(inherited)",
					"$(PROJECT_DIR)/my-oschina/ZBarSDK",
				);
				PRECOMPS_INCLUDE_HEADERS_FROM_BUILT_PRODUCTS_DIR = YES;
				PRODUCT_NAME = "$(TARGET_NAME)";
			};
			name = Release;
		};
		747EC7BA1A00B2870087B269 /* Debug */ = {
			isa = XCBuildConfiguration;
			buildSettings = {
				BUNDLE_LOADER = "$(TEST_HOST)";
				FRAMEWORK_SEARCH_PATHS = (
					"$(SDKROOT)/Developer/Library/Frameworks",
					"$(inherited)",
				);
				GCC_PREPROCESSOR_DEFINITIONS = (
					"DEBUG=1",
					"$(inherited)",
				);
				INFOPLIST_FILE = "my-oschinaTests/Info.plist";
				LD_RUNPATH_SEARCH_PATHS = "$(inherited) @executable_path/Frameworks @loader_path/Frameworks";
				PRODUCT_NAME = "$(TARGET_NAME)";
				TEST_HOST = "$(BUILT_PRODUCTS_DIR)/my-oschina.app/my-oschina";
			};
			name = Debug;
		};
		747EC7BB1A00B2870087B269 /* Release */ = {
			isa = XCBuildConfiguration;
			buildSettings = {
				BUNDLE_LOADER = "$(TEST_HOST)";
				FRAMEWORK_SEARCH_PATHS = (
					"$(SDKROOT)/Developer/Library/Frameworks",
					"$(inherited)",
				);
				INFOPLIST_FILE = "my-oschinaTests/Info.plist";
				LD_RUNPATH_SEARCH_PATHS = "$(inherited) @executable_path/Frameworks @loader_path/Frameworks";
				PRODUCT_NAME = "$(TARGET_NAME)";
				TEST_HOST = "$(BUILT_PRODUCTS_DIR)/my-oschina.app/my-oschina";
			};
			name = Release;
		};
/* End XCBuildConfiguration section */

/* Begin XCConfigurationList section */
		747EC78E1A00B2870087B269 /* Build configuration list for PBXProject "my-oschina" */ = {
			isa = XCConfigurationList;
			buildConfigurations = (
				747EC7B41A00B2870087B269 /* Debug */,
				747EC7B51A00B2870087B269 /* Release */,
			);
			defaultConfigurationIsVisible = 0;
			defaultConfigurationName = Release;
		};
		747EC7B61A00B2870087B269 /* Build configuration list for PBXNativeTarget "my-oschina" */ = {
			isa = XCConfigurationList;
			buildConfigurations = (
				747EC7B71A00B2870087B269 /* Debug */,
				747EC7B81A00B2870087B269 /* Release */,
			);
			defaultConfigurationIsVisible = 0;
			defaultConfigurationName = Release;
		};
		747EC7B91A00B2870087B269 /* Build configuration list for PBXNativeTarget "my-oschinaTests" */ = {
			isa = XCConfigurationList;
			buildConfigurations = (
				747EC7BA1A00B2870087B269 /* Debug */,
				747EC7BB1A00B2870087B269 /* Release */,
			);
			defaultConfigurationIsVisible = 0;
			defaultConfigurationName = Release;
		};
/* End XCConfigurationList section */
	};
	rootObject = 747EC78B1A00B2870087B269 /* Project object */;
}
